// !$*UTF8*$!
{
	archiveVersion = 1;
	classes = {
	};
	objectVersion = 46;
	objects = {

/* Begin PBXAggregateTarget section */
		5319EA2B6E251A89C1DA351A /* RUN_TESTS */ = {
			isa = PBXAggregateTarget;
			buildConfigurationList = 4F30502A4EC24A3389C7BDDC /* Build configuration list for PBXAggregateTarget "RUN_TESTS" */;
			buildPhases = (
				003C8D08B0008F35F218E126 /* CMake PostBuild Rules */,
			);
			dependencies = (
			);
			name = RUN_TESTS;
			productName = RUN_TESTS;
		};
		5814B75A0AEBF12D8B1C3078 /* ZERO_CHECK */ = {
			isa = PBXAggregateTarget;
			buildConfigurationList = 552B58E12D734A6FB774F797 /* Build configuration list for PBXAggregateTarget "ZERO_CHECK" */;
			buildPhases = (
				566D5C8262A49FBD49130570 /* Generate CMakeFiles/ZERO_CHECK */,
			);
			dependencies = (
			);
			name = ZERO_CHECK;
			productName = ZERO_CHECK;
		};
		9895322AE080059C8C514497 /* ALL_BUILD */ = {
			isa = PBXAggregateTarget;
			buildConfigurationList = A02AD49DF2454674B6EEB5E4 /* Build configuration list for PBXAggregateTarget "ALL_BUILD" */;
			buildPhases = (
				538DDE49C10F4B2A3519F2C2 /* Generate CMakeFiles/ALL_BUILD */,
			);
			dependencies = (
				4215283AC32A4B8F81DB9C9F /* PBXTargetDependency */,
				489687AAECF7490B808207E0 /* PBXTargetDependency */,
			);
			name = ALL_BUILD;
			productName = ALL_BUILD;
		};
		D91E4E55E360F1E69B6FF02A /* install */ = {
			isa = PBXAggregateTarget;
			buildConfigurationList = C69D6C0CC0594370BA509541 /* Build configuration list for PBXAggregateTarget "install" */;
			buildPhases = (
				93426DA6A4AC2C2AC9CE883C /* CMake PostBuild Rules */,
			);
			dependencies = (
				23593C53EE54456A9C91B1B2 /* PBXTargetDependency */,
			);
			name = install;
			productName = install;
		};
/* End PBXAggregateTarget section */

/* Begin PBXBuildFile section */
		01E32926EF4E432DB038D156 /* /Applications/Xcode.app/Contents/Developer/Platforms/MacOSX.platform/Developer/SDKs/MacOSX13.1.sdk/System/Library/Frameworks/Security.framework */ = {isa = PBXBuildFile; fileRef = 7069D9B2CBE441E8A472EB53 /* /Applications/Xcode.app/Contents/Developer/Platforms/MacOSX.platform/Developer/SDKs/MacOSX13.1.sdk/System/Library/Frameworks/Security.framework */; };
		07627FB1F0034621B4A4BBF1 /* /Users/sanghoonyou/Desktop/DSP_WolfSound/Lesson04.DSP_Practice/Flanger_JUCE/test/CMakeLists.txt */ = {isa = PBXBuildFile; fileRef = 92FBC35EBD1440CBAAF1BA63 /* /Users/sanghoonyou/Desktop/DSP_WolfSound/Lesson04.DSP_Practice/Flanger_JUCE/test/CMakeLists.txt */; };
		0B2C3CF619924DF3903AB1A9 /* /Applications/Xcode.app/Contents/Developer/Platforms/MacOSX.platform/Developer/SDKs/MacOSX13.1.sdk/System/Library/Frameworks/CoreAudio.framework */ = {isa = PBXBuildFile; fileRef = F87D1364FD9B4A5A824B37D2 /* /Applications/Xcode.app/Contents/Developer/Platforms/MacOSX.platform/Developer/SDKs/MacOSX13.1.sdk/System/Library/Frameworks/CoreAudio.framework */; };
		1563CB339317475A969502BC /* /Users/sanghoonyou/Desktop/DSP_WolfSound/Lesson04.DSP_Practice/Flanger_JUCE/libs/juce/modules/juce_gui_basics/juce_gui_basics.mm */ = {isa = PBXBuildFile; fileRef = 36582DFA723647FF8407D9F4 /* /Users/sanghoonyou/Desktop/DSP_WolfSound/Lesson04.DSP_Practice/Flanger_JUCE/libs/juce/modules/juce_gui_basics/juce_gui_basics.mm */; };
		15904A5F991048FCAD761B97 /* /Users/sanghoonyou/Desktop/DSP_WolfSound/Lesson04.DSP_Practice/Flanger_JUCE/libs/juce/modules/juce_graphics/juce_graphics_Harfbuzz.cpp */ = {isa = PBXBuildFile; fileRef = DFBE5AB422584B33A12A3943 /* /Users/sanghoonyou/Desktop/DSP_WolfSound/Lesson04.DSP_Practice/Flanger_JUCE/libs/juce/modules/juce_graphics/juce_graphics_Harfbuzz.cpp */; };
		2632D1B7271B4F39B38D855D /* /Applications/Xcode.app/Contents/Developer/Platforms/MacOSX.platform/Developer/SDKs/MacOSX13.1.sdk/System/Library/Frameworks/Cocoa.framework */ = {isa = PBXBuildFile; fileRef = 09FA08EFFF4F4736857C09A3 /* /Applications/Xcode.app/Contents/Developer/Platforms/MacOSX.platform/Developer/SDKs/MacOSX13.1.sdk/System/Library/Frameworks/Cocoa.framework */; };
		2A100BF0F47149CDB69C2E40 /* /Users/sanghoonyou/Desktop/DSP_WolfSound/Lesson04.DSP_Practice/Flanger_JUCE/libs/juce/modules/juce_audio_processors/juce_audio_processors.mm */ = {isa = PBXBuildFile; fileRef = BC1541E56DF64BD582046B40 /* /Users/sanghoonyou/Desktop/DSP_WolfSound/Lesson04.DSP_Practice/Flanger_JUCE/libs/juce/modules/juce_audio_processors/juce_audio_processors.mm */; };
		2C239AEA8FCE43D2834E4E89 /* /Applications/Xcode.app/Contents/Developer/Platforms/MacOSX.platform/Developer/SDKs/MacOSX13.1.sdk/System/Library/Frameworks/QuartzCore.framework */ = {isa = PBXBuildFile; fileRef = CE647A7F27184E3FB0CCF920 /* /Applications/Xcode.app/Contents/Developer/Platforms/MacOSX.platform/Developer/SDKs/MacOSX13.1.sdk/System/Library/Frameworks/QuartzCore.framework */; };
		3A6C83117B5D4A629D95AB91 /* /Users/sanghoonyou/Desktop/DSP_WolfSound/Lesson04.DSP_Practice/Flanger_JUCE/libs/juce/modules/juce_graphics/juce_graphics.mm */ = {isa = PBXBuildFile; fileRef = BE586D2519A74566A1B660B2 /* /Users/sanghoonyou/Desktop/DSP_WolfSound/Lesson04.DSP_Practice/Flanger_JUCE/libs/juce/modules/juce_graphics/juce_graphics.mm */; };
		3E05EC289AAE4716B27C9B89 /* /Users/sanghoonyou/Desktop/DSP_WolfSound/Lesson04.DSP_Practice/Flanger_JUCE/libs/juce/modules/juce_audio_formats/juce_audio_formats.mm */ = {isa = PBXBuildFile; fileRef = D1FF39CB6C704BF2A74CA130 /* /Users/sanghoonyou/Desktop/DSP_WolfSound/Lesson04.DSP_Practice/Flanger_JUCE/libs/juce/modules/juce_audio_formats/juce_audio_formats.mm */; };
		3EFBDDFA3E184F758928319E /* /Applications/Xcode.app/Contents/Developer/Platforms/MacOSX.platform/Developer/SDKs/MacOSX13.1.sdk/System/Library/Frameworks/CoreAudioKit.framework */ = {isa = PBXBuildFile; fileRef = C42DFD337BC64A0DBA0BC5F1 /* /Applications/Xcode.app/Contents/Developer/Platforms/MacOSX.platform/Developer/SDKs/MacOSX13.1.sdk/System/Library/Frameworks/CoreAudioKit.framework */; };
		471D2708A65F445E8C687B7A /* /Users/sanghoonyou/Desktop/DSP_WolfSound/Lesson04.DSP_Practice/Flanger_JUCE/libs/juce/modules/juce_data_structures/juce_data_structures.mm */ = {isa = PBXBuildFile; fileRef = 77F47E8473144FDF9E15A683 /* /Users/sanghoonyou/Desktop/DSP_WolfSound/Lesson04.DSP_Practice/Flanger_JUCE/libs/juce/modules/juce_data_structures/juce_data_structures.mm */; };
		4C9B8D4F56D547CA904C130D /* /Users/sanghoonyou/Desktop/DSP_WolfSound/Lesson04.DSP_Practice/Flanger_JUCE/test/source/AudioProcessorTest.cpp */ = {isa = PBXBuildFile; fileRef = 3B374E702E894BB2B4403EB3 /* /Users/sanghoonyou/Desktop/DSP_WolfSound/Lesson04.DSP_Practice/Flanger_JUCE/test/source/AudioProcessorTest.cpp */; settings = {COMPILER_FLAGS = "-Wall -Wextra -Wshadow -Wnon-virtual-dtor -Wold-style-cast -Wcast-align -Wunused -Woverloaded-virtual -Wpedantic -Wconversion -Wsign-conversion -Wnull-dereference -Wdouble-promotion '-Wformat=2' -Wimplicit-fallthrough -Wunused-variable -Wstrict-aliasing -Wuninitialized -Wconversion -Wsign-compare -Wunreachable-code -Wno-ignored-qualifiers -Wswitch-enum -Wdeprecated -Wfloat-equal -Wmissing-field-initializers -Wzero-as-null-pointer-constant -Wreorder -Wshadow-all -Wshorten-64-to-32 -Wconditional-uninitialized -Wconstant-conversion -Wbool-conversion -Wextra-semi -Wnullable-to-nonnull-conversion -Wshift-sign-overflow -Wint-conversion -Wmissing-prototypes -Winconsistent-missing-destructor-override -Werror"; }; };
		54C6B545C11E4F2B8B8CFABD /* /Applications/Xcode.app/Contents/Developer/Platforms/MacOSX.platform/Developer/SDKs/MacOSX13.1.sdk/System/Library/Frameworks/AudioToolbox.framework */ = {isa = PBXBuildFile; fileRef = 9879598C84874C03B18B99A7 /* /Applications/Xcode.app/Contents/Developer/Platforms/MacOSX.platform/Developer/SDKs/MacOSX13.1.sdk/System/Library/Frameworks/AudioToolbox.framework */; };
		54C759EA94844785B18D28CC /* /Users/sanghoonyou/Desktop/DSP_WolfSound/Lesson04.DSP_Practice/Flanger_JUCE/libs/juce/modules/juce_core/juce_core_CompilationTime.cpp */ = {isa = PBXBuildFile; fileRef = 160246D821C14CE0A138FA20 /* /Users/sanghoonyou/Desktop/DSP_WolfSound/Lesson04.DSP_Practice/Flanger_JUCE/libs/juce/modules/juce_core/juce_core_CompilationTime.cpp */; };
		755B62F84BE845C89DA5582F /* /Users/sanghoonyou/Desktop/DSP_WolfSound/Lesson04.DSP_Practice/Flanger_JUCE/libs/juce/modules/juce_audio_utils/juce_audio_utils.mm */ = {isa = PBXBuildFile; fileRef = F529EC273BCC4E5A8DA783CA /* /Users/sanghoonyou/Desktop/DSP_WolfSound/Lesson04.DSP_Practice/Flanger_JUCE/libs/juce/modules/juce_audio_utils/juce_audio_utils.mm */; };
		7624DF32C3744F82B8F4FDA1 /* /Users/sanghoonyou/Desktop/DSP_WolfSound/Lesson04.DSP_Practice/Flanger_JUCE/libs/juce/modules/juce_audio_devices/juce_audio_devices.mm */ = {isa = PBXBuildFile; fileRef = 57F0ADD08CD645E6B1E12C62 /* /Users/sanghoonyou/Desktop/DSP_WolfSound/Lesson04.DSP_Practice/Flanger_JUCE/libs/juce/modules/juce_audio_devices/juce_audio_devices.mm */; };
		76F58F436FB24D889079EA98 /* /Applications/Xcode.app/Contents/Developer/Platforms/MacOSX.platform/Developer/SDKs/MacOSX13.1.sdk/System/Library/Frameworks/Accelerate.framework */ = {isa = PBXBuildFile; fileRef = E0261EB97D744415B48E16C2 /* /Applications/Xcode.app/Contents/Developer/Platforms/MacOSX.platform/Developer/SDKs/MacOSX13.1.sdk/System/Library/Frameworks/Accelerate.framework */; };
		992D5E037F2F47CD958DB4DC /* /Applications/Xcode.app/Contents/Developer/Platforms/MacOSX.platform/Developer/SDKs/MacOSX13.1.sdk/System/Library/Frameworks/WebKit.framework */ = {isa = PBXBuildFile; fileRef = E26D85DBD9BC4B38B90BCA00 /* /Applications/Xcode.app/Contents/Developer/Platforms/MacOSX.platform/Developer/SDKs/MacOSX13.1.sdk/System/Library/Frameworks/WebKit.framework */; };
		AB6B9654A71C4616B2029B27 /* /Users/sanghoonyou/Desktop/DSP_WolfSound/Lesson04.DSP_Practice/Flanger_JUCE/libs/juce/modules/juce_events/juce_events.mm */ = {isa = PBXBuildFile; fileRef = 7202FFA1452B466298A8FAA3 /* /Users/sanghoonyou/Desktop/DSP_WolfSound/Lesson04.DSP_Practice/Flanger_JUCE/libs/juce/modules/juce_events/juce_events.mm */; };
		B4A9E226EBB1426AB030196D /* /Users/sanghoonyou/Desktop/DSP_WolfSound/Lesson04.DSP_Practice/Flanger_JUCE/libs/juce/modules/juce_audio_processors/juce_audio_processors_lv2_libs.cpp */ = {isa = PBXBuildFile; fileRef = 8592C18DBFA5455EB1D0EDA5 /* /Users/sanghoonyou/Desktop/DSP_WolfSound/Lesson04.DSP_Practice/Flanger_JUCE/libs/juce/modules/juce_audio_processors/juce_audio_processors_lv2_libs.cpp */; };
		BD5316FCB779444192C0A854 /* /Applications/Xcode.app/Contents/Developer/Platforms/MacOSX.platform/Developer/SDKs/MacOSX13.1.sdk/System/Library/Frameworks/IOKit.framework */ = {isa = PBXBuildFile; fileRef = E1B75BED73F74DE08207AE58 /* /Applications/Xcode.app/Contents/Developer/Platforms/MacOSX.platform/Developer/SDKs/MacOSX13.1.sdk/System/Library/Frameworks/IOKit.framework */; };
		C0147363B4D24AA5B5F44950 /* /Applications/Xcode.app/Contents/Developer/Platforms/MacOSX.platform/Developer/SDKs/MacOSX13.1.sdk/System/Library/Frameworks/CoreMIDI.framework */ = {isa = PBXBuildFile; fileRef = 8A2B376C96B44787AD92F82F /* /Applications/Xcode.app/Contents/Developer/Platforms/MacOSX.platform/Developer/SDKs/MacOSX13.1.sdk/System/Library/Frameworks/CoreMIDI.framework */; };
		C8BDA500DE9D4FD48B1F217C /* /Users/sanghoonyou/Desktop/DSP_WolfSound/Lesson04.DSP_Practice/Flanger_JUCE/libs/juce/modules/juce_audio_basics/juce_audio_basics.mm */ = {isa = PBXBuildFile; fileRef = 1DE9CB35438949F8B5DA93AA /* /Users/sanghoonyou/Desktop/DSP_WolfSound/Lesson04.DSP_Practice/Flanger_JUCE/libs/juce/modules/juce_audio_basics/juce_audio_basics.mm */; };
		CEDDFD9FA5C6420EA059A6DA /* /Applications/Xcode.app/Contents/Developer/Platforms/MacOSX.platform/Developer/SDKs/MacOSX13.1.sdk/System/Library/Frameworks/Foundation.framework */ = {isa = PBXBuildFile; fileRef = EC3D3742D9464E5BA984B21B /* /Applications/Xcode.app/Contents/Developer/Platforms/MacOSX.platform/Developer/SDKs/MacOSX13.1.sdk/System/Library/Frameworks/Foundation.framework */; };
		D266DA10038648E9B22944F0 /* /Users/sanghoonyou/Desktop/DSP_WolfSound/Lesson04.DSP_Practice/Flanger_JUCE/libs/juce/modules/juce_graphics/juce_graphics_Sheenbidi.c */ = {isa = PBXBuildFile; fileRef = BFDCD978DC6B4CD1B9ABAA7F /* /Users/sanghoonyou/Desktop/DSP_WolfSound/Lesson04.DSP_Practice/Flanger_JUCE/libs/juce/modules/juce_graphics/juce_graphics_Sheenbidi.c */; };
		DB7C90CE3C484706A448CCC0 /* /Applications/Xcode.app/Contents/Developer/Platforms/MacOSX.platform/Developer/SDKs/MacOSX13.1.sdk/System/Library/Frameworks/DiscRecording.framework */ = {isa = PBXBuildFile; fileRef = 7530DBBF3E2A4D8EA2F02F01 /* /Applications/Xcode.app/Contents/Developer/Platforms/MacOSX.platform/Developer/SDKs/MacOSX13.1.sdk/System/Library/Frameworks/DiscRecording.framework */; };
		F40CFCBECAF84001A0E17102 /* /Users/sanghoonyou/Desktop/DSP_WolfSound/Lesson04.DSP_Practice/Flanger_JUCE/libs/juce/modules/juce_core/juce_core.mm */ = {isa = PBXBuildFile; fileRef = D68A80FB6F3D49049FCCB921 /* /Users/sanghoonyou/Desktop/DSP_WolfSound/Lesson04.DSP_Practice/Flanger_JUCE/libs/juce/modules/juce_core/juce_core.mm */; };
		F640F931521042D7BCB10348 /* /Users/sanghoonyou/Desktop/DSP_WolfSound/Lesson04.DSP_Practice/Flanger_JUCE/libs/juce/modules/juce_audio_processors/juce_audio_processors_ara.cpp */ = {isa = PBXBuildFile; fileRef = 89B5821AF609455082A62E41 /* /Users/sanghoonyou/Desktop/DSP_WolfSound/Lesson04.DSP_Practice/Flanger_JUCE/libs/juce/modules/juce_audio_processors/juce_audio_processors_ara.cpp */; };
		F8C97B2CB8F74E3B9EF0BC33 /* /Users/sanghoonyou/Desktop/DSP_WolfSound/Lesson04.DSP_Practice/Flanger_JUCE/libs/juce/modules/juce_gui_extra/juce_gui_extra.mm */ = {isa = PBXBuildFile; fileRef = DE4954324418403F8DE5C864 /* /Users/sanghoonyou/Desktop/DSP_WolfSound/Lesson04.DSP_Practice/Flanger_JUCE/libs/juce/modules/juce_gui_extra/juce_gui_extra.mm */; };
/* End PBXBuildFile section */

/* Begin PBXBuildStyle section */
		00E945D5B3F04AADA666A774 /* Release */ = {
			isa = PBXBuildStyle;
			buildSettings = {
				COPY_PHASE_STRIP = NO;
			};
			name = Release;
		};
		26F7F19148E24C3DA4B0B7D9 /* RelWithDebInfo */ = {
			isa = PBXBuildStyle;
			buildSettings = {
				COPY_PHASE_STRIP = NO;
			};
			name = RelWithDebInfo;
		};
		7542220516F743BF9464697C /* Debug */ = {
			isa = PBXBuildStyle;
			buildSettings = {
				COPY_PHASE_STRIP = NO;
			};
			name = Debug;
		};
		D7D717CC353240B093455890 /* MinSizeRel */ = {
			isa = PBXBuildStyle;
			buildSettings = {
				COPY_PHASE_STRIP = NO;
			};
			name = MinSizeRel;
		};
/* End PBXBuildStyle section */

/* Begin PBXContainerItemProxy section */
		3FE427CD191543E6BE1F2098 /* PBXContainerItemProxy */ = {
			isa = PBXContainerItemProxy;
			containerPortal = 39049F04D496432BA32B5EE9 /* Project object */;
			proxyType = 1;
			remoteGlobalIDString = 5814B75A0AEBF12D8B1C3078;
			remoteInfo = ZERO_CHECK;
		};
		57E6FB47F96646949B88FE03 /* PBXContainerItemProxy */ = {
			isa = PBXContainerItemProxy;
			containerPortal = 39049F04D496432BA32B5EE9 /* Project object */;
			proxyType = 1;
			remoteGlobalIDString = 5814B75A0AEBF12D8B1C3078;
			remoteInfo = ZERO_CHECK;
		};
		5F7C4039E60949C88F7EC827 /* PBXContainerItemProxy */ = {
			isa = PBXContainerItemProxy;
			containerPortal = 39049F04D496432BA32B5EE9 /* Project object */;
			proxyType = 1;
			remoteGlobalIDString = A2A279E0668F32E657666243;
			remoteInfo = EulerFlangerTest;
		};
		90F1C21A87CE4A36AC21EB77 /* PBXContainerItemProxy */ = {
			isa = PBXContainerItemProxy;
			containerPortal = 39049F04D496432BA32B5EE9 /* Project object */;
			proxyType = 1;
			remoteGlobalIDString = 9895322AE080059C8C514497;
			remoteInfo = ALL_BUILD;
		};
/* End PBXContainerItemProxy section */

/* Begin PBXFileReference section */
		09FA08EFFF4F4736857C09A3 /* /Applications/Xcode.app/Contents/Developer/Platforms/MacOSX.platform/Developer/SDKs/MacOSX13.1.sdk/System/Library/Frameworks/Cocoa.framework */ = {isa = PBXFileReference; fileEncoding = 4; lastKnownFileType = wrapper.framework; name = Cocoa.framework; path = /Applications/Xcode.app/Contents/Developer/Platforms/MacOSX.platform/Developer/SDKs/MacOSX13.1.sdk/System/Library/Frameworks/Cocoa.framework; sourceTree = "<absolute>"; };
		160246D821C14CE0A138FA20 /* /Users/sanghoonyou/Desktop/DSP_WolfSound/Lesson04.DSP_Practice/Flanger_JUCE/libs/juce/modules/juce_core/juce_core_CompilationTime.cpp */ = {isa = PBXFileReference; explicitFileType = sourcecode.cpp.cpp; fileEncoding = 4; name = juce_core_CompilationTime.cpp; path = /Users/sanghoonyou/Desktop/DSP_WolfSound/Lesson04.DSP_Practice/Flanger_JUCE/libs/juce/modules/juce_core/juce_core_CompilationTime.cpp; sourceTree = "<absolute>"; };
		1DE9CB35438949F8B5DA93AA /* /Users/sanghoonyou/Desktop/DSP_WolfSound/Lesson04.DSP_Practice/Flanger_JUCE/libs/juce/modules/juce_audio_basics/juce_audio_basics.mm */ = {isa = PBXFileReference; explicitFileType = sourcecode.cpp.objcpp; fileEncoding = 4; name = juce_audio_basics.mm; path = /Users/sanghoonyou/Desktop/DSP_WolfSound/Lesson04.DSP_Practice/Flanger_JUCE/libs/juce/modules/juce_audio_basics/juce_audio_basics.mm; sourceTree = "<absolute>"; };
		36582DFA723647FF8407D9F4 /* /Users/sanghoonyou/Desktop/DSP_WolfSound/Lesson04.DSP_Practice/Flanger_JUCE/libs/juce/modules/juce_gui_basics/juce_gui_basics.mm */ = {isa = PBXFileReference; explicitFileType = sourcecode.cpp.objcpp; fileEncoding = 4; name = juce_gui_basics.mm; path = /Users/sanghoonyou/Desktop/DSP_WolfSound/Lesson04.DSP_Practice/Flanger_JUCE/libs/juce/modules/juce_gui_basics/juce_gui_basics.mm; sourceTree = "<absolute>"; };
		3B374E702E894BB2B4403EB3 /* /Users/sanghoonyou/Desktop/DSP_WolfSound/Lesson04.DSP_Practice/Flanger_JUCE/test/source/AudioProcessorTest.cpp */ = {isa = PBXFileReference; explicitFileType = sourcecode.cpp.cpp; fileEncoding = 4; name = AudioProcessorTest.cpp; path = source/AudioProcessorTest.cpp; sourceTree = SOURCE_ROOT; };
		57F0ADD08CD645E6B1E12C62 /* /Users/sanghoonyou/Desktop/DSP_WolfSound/Lesson04.DSP_Practice/Flanger_JUCE/libs/juce/modules/juce_audio_devices/juce_audio_devices.mm */ = {isa = PBXFileReference; explicitFileType = sourcecode.cpp.objcpp; fileEncoding = 4; name = juce_audio_devices.mm; path = /Users/sanghoonyou/Desktop/DSP_WolfSound/Lesson04.DSP_Practice/Flanger_JUCE/libs/juce/modules/juce_audio_devices/juce_audio_devices.mm; sourceTree = "<absolute>"; };
		7069D9B2CBE441E8A472EB53 /* /Applications/Xcode.app/Contents/Developer/Platforms/MacOSX.platform/Developer/SDKs/MacOSX13.1.sdk/System/Library/Frameworks/Security.framework */ = {isa = PBXFileReference; fileEncoding = 4; lastKnownFileType = wrapper.framework; name = Security.framework; path = /Applications/Xcode.app/Contents/Developer/Platforms/MacOSX.platform/Developer/SDKs/MacOSX13.1.sdk/System/Library/Frameworks/Security.framework; sourceTree = "<absolute>"; };
		7202FFA1452B466298A8FAA3 /* /Users/sanghoonyou/Desktop/DSP_WolfSound/Lesson04.DSP_Practice/Flanger_JUCE/libs/juce/modules/juce_events/juce_events.mm */ = {isa = PBXFileReference; explicitFileType = sourcecode.cpp.objcpp; fileEncoding = 4; name = juce_events.mm; path = /Users/sanghoonyou/Desktop/DSP_WolfSound/Lesson04.DSP_Practice/Flanger_JUCE/libs/juce/modules/juce_events/juce_events.mm; sourceTree = "<absolute>"; };
		7530DBBF3E2A4D8EA2F02F01 /* /Applications/Xcode.app/Contents/Developer/Platforms/MacOSX.platform/Developer/SDKs/MacOSX13.1.sdk/System/Library/Frameworks/DiscRecording.framework */ = {isa = PBXFileReference; fileEncoding = 4; lastKnownFileType = wrapper.framework; name = DiscRecording.framework; path = /Applications/Xcode.app/Contents/Developer/Platforms/MacOSX.platform/Developer/SDKs/MacOSX13.1.sdk/System/Library/Frameworks/DiscRecording.framework; sourceTree = "<absolute>"; };
		77F47E8473144FDF9E15A683 /* /Users/sanghoonyou/Desktop/DSP_WolfSound/Lesson04.DSP_Practice/Flanger_JUCE/libs/juce/modules/juce_data_structures/juce_data_structures.mm */ = {isa = PBXFileReference; explicitFileType = sourcecode.cpp.objcpp; fileEncoding = 4; name = juce_data_structures.mm; path = /Users/sanghoonyou/Desktop/DSP_WolfSound/Lesson04.DSP_Practice/Flanger_JUCE/libs/juce/modules/juce_data_structures/juce_data_structures.mm; sourceTree = "<absolute>"; };
		819A0ECB036F41DEBFF88986 /* /Users/sanghoonyou/Desktop/DSP_WolfSound/Lesson04.DSP_Practice/Flanger_JUCE/test/CMakeLists.txt */ = {isa = PBXFileReference; explicitFileType = sourcecode.text; fileEncoding = 4; name = CMakeLists.txt; path = CMakeLists.txt; sourceTree = SOURCE_ROOT; };
		8592C18DBFA5455EB1D0EDA5 /* /Users/sanghoonyou/Desktop/DSP_WolfSound/Lesson04.DSP_Practice/Flanger_JUCE/libs/juce/modules/juce_audio_processors/juce_audio_processors_lv2_libs.cpp */ = {isa = PBXFileReference; explicitFileType = sourcecode.cpp.cpp; fileEncoding = 4; name = juce_audio_processors_lv2_libs.cpp; path = /Users/sanghoonyou/Desktop/DSP_WolfSound/Lesson04.DSP_Practice/Flanger_JUCE/libs/juce/modules/juce_audio_processors/juce_audio_processors_lv2_libs.cpp; sourceTree = "<absolute>"; };
		89B5821AF609455082A62E41 /* /Users/sanghoonyou/Desktop/DSP_WolfSound/Lesson04.DSP_Practice/Flanger_JUCE/libs/juce/modules/juce_audio_processors/juce_audio_processors_ara.cpp */ = {isa = PBXFileReference; explicitFileType = sourcecode.cpp.cpp; fileEncoding = 4; name = juce_audio_processors_ara.cpp; path = /Users/sanghoonyou/Desktop/DSP_WolfSound/Lesson04.DSP_Practice/Flanger_JUCE/libs/juce/modules/juce_audio_processors/juce_audio_processors_ara.cpp; sourceTree = "<absolute>"; };
		8A2B376C96B44787AD92F82F /* /Applications/Xcode.app/Contents/Developer/Platforms/MacOSX.platform/Developer/SDKs/MacOSX13.1.sdk/System/Library/Frameworks/CoreMIDI.framework */ = {isa = PBXFileReference; fileEncoding = 4; lastKnownFileType = wrapper.framework; name = CoreMIDI.framework; path = /Applications/Xcode.app/Contents/Developer/Platforms/MacOSX.platform/Developer/SDKs/MacOSX13.1.sdk/System/Library/Frameworks/CoreMIDI.framework; sourceTree = "<absolute>"; };
		92FBC35EBD1440CBAAF1BA63 /* /Users/sanghoonyou/Desktop/DSP_WolfSound/Lesson04.DSP_Practice/Flanger_JUCE/test/CMakeLists.txt */ = {isa = PBXFileReference; explicitFileType = sourcecode.text; fileEncoding = 4; name = CMakeLists.txt; path = CMakeLists.txt; sourceTree = SOURCE_ROOT; };
		9879598C84874C03B18B99A7 /* /Applications/Xcode.app/Contents/Developer/Platforms/MacOSX.platform/Developer/SDKs/MacOSX13.1.sdk/System/Library/Frameworks/AudioToolbox.framework */ = {isa = PBXFileReference; fileEncoding = 4; lastKnownFileType = wrapper.framework; name = AudioToolbox.framework; path = /Applications/Xcode.app/Contents/Developer/Platforms/MacOSX.platform/Developer/SDKs/MacOSX13.1.sdk/System/Library/Frameworks/AudioToolbox.framework; sourceTree = "<absolute>"; };
		BC1541E56DF64BD582046B40 /* /Users/sanghoonyou/Desktop/DSP_WolfSound/Lesson04.DSP_Practice/Flanger_JUCE/libs/juce/modules/juce_audio_processors/juce_audio_processors.mm */ = {isa = PBXFileReference; explicitFileType = sourcecode.cpp.objcpp; fileEncoding = 4; name = juce_audio_processors.mm; path = /Users/sanghoonyou/Desktop/DSP_WolfSound/Lesson04.DSP_Practice/Flanger_JUCE/libs/juce/modules/juce_audio_processors/juce_audio_processors.mm; sourceTree = "<absolute>"; };
		BE586D2519A74566A1B660B2 /* /Users/sanghoonyou/Desktop/DSP_WolfSound/Lesson04.DSP_Practice/Flanger_JUCE/libs/juce/modules/juce_graphics/juce_graphics.mm */ = {isa = PBXFileReference; explicitFileType = sourcecode.cpp.objcpp; fileEncoding = 4; name = juce_graphics.mm; path = /Users/sanghoonyou/Desktop/DSP_WolfSound/Lesson04.DSP_Practice/Flanger_JUCE/libs/juce/modules/juce_graphics/juce_graphics.mm; sourceTree = "<absolute>"; };
		BFDCD978DC6B4CD1B9ABAA7F /* /Users/sanghoonyou/Desktop/DSP_WolfSound/Lesson04.DSP_Practice/Flanger_JUCE/libs/juce/modules/juce_graphics/juce_graphics_Sheenbidi.c */ = {isa = PBXFileReference; explicitFileType = sourcecode.c.c; fileEncoding = 4; name = juce_graphics_Sheenbidi.c; path = /Users/sanghoonyou/Desktop/DSP_WolfSound/Lesson04.DSP_Practice/Flanger_JUCE/libs/juce/modules/juce_graphics/juce_graphics_Sheenbidi.c; sourceTree = "<absolute>"; };
		C42DFD337BC64A0DBA0BC5F1 /* /Applications/Xcode.app/Contents/Developer/Platforms/MacOSX.platform/Developer/SDKs/MacOSX13.1.sdk/System/Library/Frameworks/CoreAudioKit.framework */ = {isa = PBXFileReference; fileEncoding = 4; lastKnownFileType = wrapper.framework; name = CoreAudioKit.framework; path = /Applications/Xcode.app/Contents/Developer/Platforms/MacOSX.platform/Developer/SDKs/MacOSX13.1.sdk/System/Library/Frameworks/CoreAudioKit.framework; sourceTree = "<absolute>"; };
		C9D69ED885AE49DC80316823 /* EulerFlangerTest */ = {isa = PBXFileReference; explicitFileType = "compiled.mach-o.executable"; path = EulerFlangerTest; sourceTree = BUILT_PRODUCTS_DIR; };
		CE647A7F27184E3FB0CCF920 /* /Applications/Xcode.app/Contents/Developer/Platforms/MacOSX.platform/Developer/SDKs/MacOSX13.1.sdk/System/Library/Frameworks/QuartzCore.framework */ = {isa = PBXFileReference; fileEncoding = 4; lastKnownFileType = wrapper.framework; name = QuartzCore.framework; path = /Applications/Xcode.app/Contents/Developer/Platforms/MacOSX.platform/Developer/SDKs/MacOSX13.1.sdk/System/Library/Frameworks/QuartzCore.framework; sourceTree = "<absolute>"; };
		D1FF39CB6C704BF2A74CA130 /* /Users/sanghoonyou/Desktop/DSP_WolfSound/Lesson04.DSP_Practice/Flanger_JUCE/libs/juce/modules/juce_audio_formats/juce_audio_formats.mm */ = {isa = PBXFileReference; explicitFileType = sourcecode.cpp.objcpp; fileEncoding = 4; name = juce_audio_formats.mm; path = /Users/sanghoonyou/Desktop/DSP_WolfSound/Lesson04.DSP_Practice/Flanger_JUCE/libs/juce/modules/juce_audio_formats/juce_audio_formats.mm; sourceTree = "<absolute>"; };
		D68A80FB6F3D49049FCCB921 /* /Users/sanghoonyou/Desktop/DSP_WolfSound/Lesson04.DSP_Practice/Flanger_JUCE/libs/juce/modules/juce_core/juce_core.mm */ = {isa = PBXFileReference; explicitFileType = sourcecode.cpp.objcpp; fileEncoding = 4; name = juce_core.mm; path = /Users/sanghoonyou/Desktop/DSP_WolfSound/Lesson04.DSP_Practice/Flanger_JUCE/libs/juce/modules/juce_core/juce_core.mm; sourceTree = "<absolute>"; };
		DE4954324418403F8DE5C864 /* /Users/sanghoonyou/Desktop/DSP_WolfSound/Lesson04.DSP_Practice/Flanger_JUCE/libs/juce/modules/juce_gui_extra/juce_gui_extra.mm */ = {isa = PBXFileReference; explicitFileType = sourcecode.cpp.objcpp; fileEncoding = 4; name = juce_gui_extra.mm; path = /Users/sanghoonyou/Desktop/DSP_WolfSound/Lesson04.DSP_Practice/Flanger_JUCE/libs/juce/modules/juce_gui_extra/juce_gui_extra.mm; sourceTree = "<absolute>"; };
		DFBE5AB422584B33A12A3943 /* /Users/sanghoonyou/Desktop/DSP_WolfSound/Lesson04.DSP_Practice/Flanger_JUCE/libs/juce/modules/juce_graphics/juce_graphics_Harfbuzz.cpp */ = {isa = PBXFileReference; explicitFileType = sourcecode.cpp.cpp; fileEncoding = 4; name = juce_graphics_Harfbuzz.cpp; path = /Users/sanghoonyou/Desktop/DSP_WolfSound/Lesson04.DSP_Practice/Flanger_JUCE/libs/juce/modules/juce_graphics/juce_graphics_Harfbuzz.cpp; sourceTree = "<absolute>"; };
		E0261EB97D744415B48E16C2 /* /Applications/Xcode.app/Contents/Developer/Platforms/MacOSX.platform/Developer/SDKs/MacOSX13.1.sdk/System/Library/Frameworks/Accelerate.framework */ = {isa = PBXFileReference; fileEncoding = 4; lastKnownFileType = wrapper.framework; name = Accelerate.framework; path = /Applications/Xcode.app/Contents/Developer/Platforms/MacOSX.platform/Developer/SDKs/MacOSX13.1.sdk/System/Library/Frameworks/Accelerate.framework; sourceTree = "<absolute>"; };
		E1B75BED73F74DE08207AE58 /* /Applications/Xcode.app/Contents/Developer/Platforms/MacOSX.platform/Developer/SDKs/MacOSX13.1.sdk/System/Library/Frameworks/IOKit.framework */ = {isa = PBXFileReference; fileEncoding = 4; lastKnownFileType = wrapper.framework; name = IOKit.framework; path = /Applications/Xcode.app/Contents/Developer/Platforms/MacOSX.platform/Developer/SDKs/MacOSX13.1.sdk/System/Library/Frameworks/IOKit.framework; sourceTree = "<absolute>"; };
		E26D85DBD9BC4B38B90BCA00 /* /Applications/Xcode.app/Contents/Developer/Platforms/MacOSX.platform/Developer/SDKs/MacOSX13.1.sdk/System/Library/Frameworks/WebKit.framework */ = {isa = PBXFileReference; fileEncoding = 4; lastKnownFileType = wrapper.framework; name = WebKit.framework; path = /Applications/Xcode.app/Contents/Developer/Platforms/MacOSX.platform/Developer/SDKs/MacOSX13.1.sdk/System/Library/Frameworks/WebKit.framework; sourceTree = "<absolute>"; };
		EC3D3742D9464E5BA984B21B /* /Applications/Xcode.app/Contents/Developer/Platforms/MacOSX.platform/Developer/SDKs/MacOSX13.1.sdk/System/Library/Frameworks/Foundation.framework */ = {isa = PBXFileReference; fileEncoding = 4; lastKnownFileType = wrapper.framework; name = Foundation.framework; path = /Applications/Xcode.app/Contents/Developer/Platforms/MacOSX.platform/Developer/SDKs/MacOSX13.1.sdk/System/Library/Frameworks/Foundation.framework; sourceTree = "<absolute>"; };
		F529EC273BCC4E5A8DA783CA /* /Users/sanghoonyou/Desktop/DSP_WolfSound/Lesson04.DSP_Practice/Flanger_JUCE/libs/juce/modules/juce_audio_utils/juce_audio_utils.mm */ = {isa = PBXFileReference; explicitFileType = sourcecode.cpp.objcpp; fileEncoding = 4; name = juce_audio_utils.mm; path = /Users/sanghoonyou/Desktop/DSP_WolfSound/Lesson04.DSP_Practice/Flanger_JUCE/libs/juce/modules/juce_audio_utils/juce_audio_utils.mm; sourceTree = "<absolute>"; };
		F87D1364FD9B4A5A824B37D2 /* /Applications/Xcode.app/Contents/Developer/Platforms/MacOSX.platform/Developer/SDKs/MacOSX13.1.sdk/System/Library/Frameworks/CoreAudio.framework */ = {isa = PBXFileReference; fileEncoding = 4; lastKnownFileType = wrapper.framework; name = CoreAudio.framework; path = /Applications/Xcode.app/Contents/Developer/Platforms/MacOSX.platform/Developer/SDKs/MacOSX13.1.sdk/System/Library/Frameworks/CoreAudio.framework; sourceTree = "<absolute>"; };
/* End PBXFileReference section */

/* Begin PBXFrameworksBuildPhase section */
		95EF003189B942DC9D6DDD43 /* Frameworks */ = {
			isa = PBXFrameworksBuildPhase;
			buildActionMask = 2147483647;
			files = (
			);
			runOnlyForDeploymentPostprocessing = 0;
		};
/* End PBXFrameworksBuildPhase section */

/* Begin PBXGroup section */
		12FAF5CA96B544E1AB3DA2DD /* Source Files */ = {
			isa = PBXGroup;
			children = (
				1DE9CB35438949F8B5DA93AA /* /Users/sanghoonyou/Desktop/DSP_WolfSound/Lesson04.DSP_Practice/Flanger_JUCE/libs/juce/modules/juce_audio_basics/juce_audio_basics.mm */,
				57F0ADD08CD645E6B1E12C62 /* /Users/sanghoonyou/Desktop/DSP_WolfSound/Lesson04.DSP_Practice/Flanger_JUCE/libs/juce/modules/juce_audio_devices/juce_audio_devices.mm */,
				D1FF39CB6C704BF2A74CA130 /* /Users/sanghoonyou/Desktop/DSP_WolfSound/Lesson04.DSP_Practice/Flanger_JUCE/libs/juce/modules/juce_audio_formats/juce_audio_formats.mm */,
				BC1541E56DF64BD582046B40 /* /Users/sanghoonyou/Desktop/DSP_WolfSound/Lesson04.DSP_Practice/Flanger_JUCE/libs/juce/modules/juce_audio_processors/juce_audio_processors.mm */,
				89B5821AF609455082A62E41 /* /Users/sanghoonyou/Desktop/DSP_WolfSound/Lesson04.DSP_Practice/Flanger_JUCE/libs/juce/modules/juce_audio_processors/juce_audio_processors_ara.cpp */,
				8592C18DBFA5455EB1D0EDA5 /* /Users/sanghoonyou/Desktop/DSP_WolfSound/Lesson04.DSP_Practice/Flanger_JUCE/libs/juce/modules/juce_audio_processors/juce_audio_processors_lv2_libs.cpp */,
				F529EC273BCC4E5A8DA783CA /* /Users/sanghoonyou/Desktop/DSP_WolfSound/Lesson04.DSP_Practice/Flanger_JUCE/libs/juce/modules/juce_audio_utils/juce_audio_utils.mm */,
				D68A80FB6F3D49049FCCB921 /* /Users/sanghoonyou/Desktop/DSP_WolfSound/Lesson04.DSP_Practice/Flanger_JUCE/libs/juce/modules/juce_core/juce_core.mm */,
				160246D821C14CE0A138FA20 /* /Users/sanghoonyou/Desktop/DSP_WolfSound/Lesson04.DSP_Practice/Flanger_JUCE/libs/juce/modules/juce_core/juce_core_CompilationTime.cpp */,
				77F47E8473144FDF9E15A683 /* /Users/sanghoonyou/Desktop/DSP_WolfSound/Lesson04.DSP_Practice/Flanger_JUCE/libs/juce/modules/juce_data_structures/juce_data_structures.mm */,
				7202FFA1452B466298A8FAA3 /* /Users/sanghoonyou/Desktop/DSP_WolfSound/Lesson04.DSP_Practice/Flanger_JUCE/libs/juce/modules/juce_events/juce_events.mm */,
				BE586D2519A74566A1B660B2 /* /Users/sanghoonyou/Desktop/DSP_WolfSound/Lesson04.DSP_Practice/Flanger_JUCE/libs/juce/modules/juce_graphics/juce_graphics.mm */,
				DFBE5AB422584B33A12A3943 /* /Users/sanghoonyou/Desktop/DSP_WolfSound/Lesson04.DSP_Practice/Flanger_JUCE/libs/juce/modules/juce_graphics/juce_graphics_Harfbuzz.cpp */,
				BFDCD978DC6B4CD1B9ABAA7F /* /Users/sanghoonyou/Desktop/DSP_WolfSound/Lesson04.DSP_Practice/Flanger_JUCE/libs/juce/modules/juce_graphics/juce_graphics_Sheenbidi.c */,
				36582DFA723647FF8407D9F4 /* /Users/sanghoonyou/Desktop/DSP_WolfSound/Lesson04.DSP_Practice/Flanger_JUCE/libs/juce/modules/juce_gui_basics/juce_gui_basics.mm */,
				DE4954324418403F8DE5C864 /* /Users/sanghoonyou/Desktop/DSP_WolfSound/Lesson04.DSP_Practice/Flanger_JUCE/libs/juce/modules/juce_gui_extra/juce_gui_extra.mm */,
				3B374E702E894BB2B4403EB3 /* /Users/sanghoonyou/Desktop/DSP_WolfSound/Lesson04.DSP_Practice/Flanger_JUCE/test/source/AudioProcessorTest.cpp */,
			);
			name = "Source Files";
			sourceTree = "<group>";
		};
		276CE723F13C413586C6B56C /* ALL_BUILD */ = {
			isa = PBXGroup;
			children = (
				839586478B1F43B6A7A83039 /* CMake Rules */,
				819A0ECB036F41DEBFF88986 /* /Users/sanghoonyou/Desktop/DSP_WolfSound/Lesson04.DSP_Practice/Flanger_JUCE/test/CMakeLists.txt */,
			);
			name = ALL_BUILD;
			sourceTree = "<group>";
		};
		2DA927731CB84820B5BEBEFA /* Products */ = {
			isa = PBXGroup;
			children = (
				C9D69ED885AE49DC80316823 /* EulerFlangerTest */,
			);
			name = Products;
			sourceTree = "<group>";
		};
		6A64D2E47D814229AE8E8E8F = {
			isa = PBXGroup;
			children = (
				6B5E6801F78B44E8ACBD0871 /* EulerFlangerTest */,
				276CE723F13C413586C6B56C /* ALL_BUILD */,
				2DA927731CB84820B5BEBEFA /* Products */,
				BD2A8B4BD3C646138B39BDE7 /* Frameworks */,
				E498CCBD32A64A219352B71F /* Resources */,
			);
			sourceTree = "<group>";
		};
		6B5E6801F78B44E8ACBD0871 /* EulerFlangerTest */ = {
			isa = PBXGroup;
			children = (
				12FAF5CA96B544E1AB3DA2DD /* Source Files */,
				92FBC35EBD1440CBAAF1BA63 /* /Users/sanghoonyou/Desktop/DSP_WolfSound/Lesson04.DSP_Practice/Flanger_JUCE/test/CMakeLists.txt */,
			);
			name = EulerFlangerTest;
			sourceTree = "<group>";
		};
		839586478B1F43B6A7A83039 /* CMake Rules */ = {
			isa = PBXGroup;
			children = (
			);
			name = "CMake Rules";
			sourceTree = "<group>";
		};
		BD2A8B4BD3C646138B39BDE7 /* Frameworks */ = {
			isa = PBXGroup;
			children = (
				E26D85DBD9BC4B38B90BCA00 /* /Applications/Xcode.app/Contents/Developer/Platforms/MacOSX.platform/Developer/SDKs/MacOSX13.1.sdk/System/Library/Frameworks/WebKit.framework */,
				C42DFD337BC64A0DBA0BC5F1 /* /Applications/Xcode.app/Contents/Developer/Platforms/MacOSX.platform/Developer/SDKs/MacOSX13.1.sdk/System/Library/Frameworks/CoreAudioKit.framework */,
				7530DBBF3E2A4D8EA2F02F01 /* /Applications/Xcode.app/Contents/Developer/Platforms/MacOSX.platform/Developer/SDKs/MacOSX13.1.sdk/System/Library/Frameworks/DiscRecording.framework */,
				CE647A7F27184E3FB0CCF920 /* /Applications/Xcode.app/Contents/Developer/Platforms/MacOSX.platform/Developer/SDKs/MacOSX13.1.sdk/System/Library/Frameworks/QuartzCore.framework */,
				F87D1364FD9B4A5A824B37D2 /* /Applications/Xcode.app/Contents/Developer/Platforms/MacOSX.platform/Developer/SDKs/MacOSX13.1.sdk/System/Library/Frameworks/CoreAudio.framework */,
				8A2B376C96B44787AD92F82F /* /Applications/Xcode.app/Contents/Developer/Platforms/MacOSX.platform/Developer/SDKs/MacOSX13.1.sdk/System/Library/Frameworks/CoreMIDI.framework */,
				9879598C84874C03B18B99A7 /* /Applications/Xcode.app/Contents/Developer/Platforms/MacOSX.platform/Developer/SDKs/MacOSX13.1.sdk/System/Library/Frameworks/AudioToolbox.framework */,
				E0261EB97D744415B48E16C2 /* /Applications/Xcode.app/Contents/Developer/Platforms/MacOSX.platform/Developer/SDKs/MacOSX13.1.sdk/System/Library/Frameworks/Accelerate.framework */,
				09FA08EFFF4F4736857C09A3 /* /Applications/Xcode.app/Contents/Developer/Platforms/MacOSX.platform/Developer/SDKs/MacOSX13.1.sdk/System/Library/Frameworks/Cocoa.framework */,
				EC3D3742D9464E5BA984B21B /* /Applications/Xcode.app/Contents/Developer/Platforms/MacOSX.platform/Developer/SDKs/MacOSX13.1.sdk/System/Library/Frameworks/Foundation.framework */,
				E1B75BED73F74DE08207AE58 /* /Applications/Xcode.app/Contents/Developer/Platforms/MacOSX.platform/Developer/SDKs/MacOSX13.1.sdk/System/Library/Frameworks/IOKit.framework */,
				7069D9B2CBE441E8A472EB53 /* /Applications/Xcode.app/Contents/Developer/Platforms/MacOSX.platform/Developer/SDKs/MacOSX13.1.sdk/System/Library/Frameworks/Security.framework */,
			);
			name = Frameworks;
			sourceTree = "<group>";
		};
		E498CCBD32A64A219352B71F /* Resources */ = {
			isa = PBXGroup;
			children = (
			);
			name = Resources;
			sourceTree = "<group>";
		};
/* End PBXGroup section */

/* Begin PBXNativeTarget section */
		A2A279E0668F32E657666243 /* EulerFlangerTest */ = {
			isa = PBXNativeTarget;
			buildConfigurationList = 2722B0593D3946FCB1ACBF08 /* Build configuration list for PBXNativeTarget "EulerFlangerTest" */;
			buildPhases = (
				91EF34D3534C4E3FBE912393 /* Sources */,
				95EF003189B942DC9D6DDD43 /* Frameworks */,
			);
			buildRules = (
			);
			dependencies = (
				A7824B0E3CC24B2F94DD0243 /* PBXTargetDependency */,
			);
			name = EulerFlangerTest;
			productName = EulerFlangerTest;
			productReference = C9D69ED885AE49DC80316823 /* EulerFlangerTest */;
			productType = "com.apple.product-type.tool";
		};
/* End PBXNativeTarget section */

/* Begin PBXProject section */
		39049F04D496432BA32B5EE9 /* Project object */ = {
			isa = PBXProject;
			attributes = {
				BuildIndependentTargetsInParallel = YES;
				LastUpgradeCheck = 1420;
			};
			buildConfigurationList = 43644000408D4E08A3581541 /* Build configuration list for PBXProject "EulerFlangerTest" */;
			buildSettings = {
			};
			buildStyles = (
				7542220516F743BF9464697C /* Debug */,
				00E945D5B3F04AADA666A774 /* Release */,
				D7D717CC353240B093455890 /* MinSizeRel */,
				26F7F19148E24C3DA4B0B7D9 /* RelWithDebInfo */,
			);
			compatibilityVersion = "Xcode 3.2";
			hasScannedForEncodings = 0;
			mainGroup = 6A64D2E47D814229AE8E8E8F;
			projectDirPath = /Users/sanghoonyou/Desktop/DSP_WolfSound/Lesson04.DSP_Practice/Flanger_JUCE/test;
			projectRoot = "";
			targets = (
				9895322AE080059C8C514497 /* ALL_BUILD */,
				A2A279E0668F32E657666243 /* EulerFlangerTest */,
				D91E4E55E360F1E69B6FF02A /* install */,
				5319EA2B6E251A89C1DA351A /* RUN_TESTS */,
				5814B75A0AEBF12D8B1C3078 /* ZERO_CHECK */,
			);
		};
/* End PBXProject section */

/* Begin PBXShellScriptBuildPhase section */
		003C8D08B0008F35F218E126 /* CMake PostBuild Rules */ = {
			isa = PBXShellScriptBuildPhase;
			alwaysOutOfDate = 1;
			buildActionMask = 2147483647;
			files = (
			);
			name = "CMake PostBuild Rules";
			outputPaths = (
			);
			runOnlyForDeploymentPostprocessing = 0;
			shellPath = /bin/sh;
			shellScript = "set -e
if test \"$CONFIGURATION\" = \"Debug\"; then :
  cd /Users/sanghoonyou/Desktop/DSP_WolfSound/Lesson04.DSP_Practice/Flanger_JUCE/build_xcode/test
  /opt/homebrew/bin/ctest -C $CONFIGURATION$EFFECTIVE_PLATFORM_NAME
fi
if test \"$CONFIGURATION\" = \"Release\"; then :
  cd /Users/sanghoonyou/Desktop/DSP_WolfSound/Lesson04.DSP_Practice/Flanger_JUCE/build_xcode/test
  /opt/homebrew/bin/ctest -C $CONFIGURATION$EFFECTIVE_PLATFORM_NAME
fi
if test \"$CONFIGURATION\" = \"MinSizeRel\"; then :
  cd /Users/sanghoonyou/Desktop/DSP_WolfSound/Lesson04.DSP_Practice/Flanger_JUCE/build_xcode/test
  /opt/homebrew/bin/ctest -C $CONFIGURATION$EFFECTIVE_PLATFORM_NAME
fi
if test \"$CONFIGURATION\" = \"RelWithDebInfo\"; then :
  cd /Users/sanghoonyou/Desktop/DSP_WolfSound/Lesson04.DSP_Practice/Flanger_JUCE/build_xcode/test
  /opt/homebrew/bin/ctest -C $CONFIGURATION$EFFECTIVE_PLATFORM_NAME
fi
";
			showEnvVarsInLog = 0;
		};
		3C0110FC8322DE7E50886E21 = {
			isa = PBXShellScriptBuildPhase;
			buildActionMask = 2147483647;
			files = (
			);
			inputPaths = (
			);
			outputPaths = (
			);
			runOnlyForDeploymentPostprocessing = 0;
			shellPath = /bin/sh;
			shellScript = "# shell script goes here
exit 0";
			showEnvVarsInLog = 0;
		};
		538DDE49C10F4B2A3519F2C2 /* Generate CMakeFiles/ALL_BUILD */ = {
			isa = PBXShellScriptBuildPhase;
			alwaysOutOfDate = 1;
			buildActionMask = 2147483647;
			files = (
			);
			inputPaths = (
			);
			name = "Generate CMakeFiles/ALL_BUILD";
			outputPaths = (
/Users/sanghoonyou/Desktop/DSP_WolfSound/Lesson04.DSP_Practice/Flanger_JUCE/build_xcode/test/CMakeFiles/ALL_BUILD			);
			runOnlyForDeploymentPostprocessing = 0;
			shellPath = /bin/sh;
			shellScript = "set -e
if test \"$CONFIGURATION\" = \"Debug\"; then :
  cd /Users/sanghoonyou/Desktop/DSP_WolfSound/Lesson04.DSP_Practice/Flanger_JUCE/build_xcode/test
  echo Build\\ all\\ projects
fi
if test \"$CONFIGURATION\" = \"Release\"; then :
  cd /Users/sanghoonyou/Desktop/DSP_WolfSound/Lesson04.DSP_Practice/Flanger_JUCE/build_xcode/test
  echo Build\\ all\\ projects
fi
if test \"$CONFIGURATION\" = \"MinSizeRel\"; then :
  cd /Users/sanghoonyou/Desktop/DSP_WolfSound/Lesson04.DSP_Practice/Flanger_JUCE/build_xcode/test
  echo Build\\ all\\ projects
fi
if test \"$CONFIGURATION\" = \"RelWithDebInfo\"; then :
  cd /Users/sanghoonyou/Desktop/DSP_WolfSound/Lesson04.DSP_Practice/Flanger_JUCE/build_xcode/test
  echo Build\\ all\\ projects
fi
";
			showEnvVarsInLog = 0;
		};
		566D5C8262A49FBD49130570 /* Generate CMakeFiles/ZERO_CHECK */ = {
			isa = PBXShellScriptBuildPhase;
			alwaysOutOfDate = 1;
			buildActionMask = 2147483647;
			files = (
			);
			inputPaths = (
			);
			name = "Generate CMakeFiles/ZERO_CHECK";
			outputPaths = (
/Users/sanghoonyou/Desktop/DSP_WolfSound/Lesson04.DSP_Practice/Flanger_JUCE/build_xcode/test/CMakeFiles/ZERO_CHECK			);
			runOnlyForDeploymentPostprocessing = 0;
			shellPath = /bin/sh;
			shellScript = "set -e
if test \"$CONFIGURATION\" = \"Debug\"; then :
  cd /Users/sanghoonyou/Desktop/DSP_WolfSound/Lesson04.DSP_Practice/Flanger_JUCE/build_xcode/test
  make -f /Users/sanghoonyou/Desktop/DSP_WolfSound/Lesson04.DSP_Practice/Flanger_JUCE/build_xcode/test/CMakeScripts/ReRunCMake.make
fi
if test \"$CONFIGURATION\" = \"Release\"; then :
  cd /Users/sanghoonyou/Desktop/DSP_WolfSound/Lesson04.DSP_Practice/Flanger_JUCE/build_xcode/test
  make -f /Users/sanghoonyou/Desktop/DSP_WolfSound/Lesson04.DSP_Practice/Flanger_JUCE/build_xcode/test/CMakeScripts/ReRunCMake.make
fi
if test \"$CONFIGURATION\" = \"MinSizeRel\"; then :
  cd /Users/sanghoonyou/Desktop/DSP_WolfSound/Lesson04.DSP_Practice/Flanger_JUCE/build_xcode/test
  make -f /Users/sanghoonyou/Desktop/DSP_WolfSound/Lesson04.DSP_Practice/Flanger_JUCE/build_xcode/test/CMakeScripts/ReRunCMake.make
fi
if test \"$CONFIGURATION\" = \"RelWithDebInfo\"; then :
  cd /Users/sanghoonyou/Desktop/DSP_WolfSound/Lesson04.DSP_Practice/Flanger_JUCE/build_xcode/test
  make -f /Users/sanghoonyou/Desktop/DSP_WolfSound/Lesson04.DSP_Practice/Flanger_JUCE/build_xcode/test/CMakeScripts/ReRunCMake.make
fi
";
			showEnvVarsInLog = 0;
		};
		87AF4882E018677E2624B544 = {
			isa = PBXShellScriptBuildPhase;
			buildActionMask = 2147483647;
			files = (
			);
			inputPaths = (
			);
			outputPaths = (
			);
			runOnlyForDeploymentPostprocessing = 0;
			shellPath = /bin/sh;
			shellScript = "# shell script goes here
exit 0";
			showEnvVarsInLog = 0;
		};
		910A41151295C5F9742C25BD = {
			isa = PBXShellScriptBuildPhase;
			buildActionMask = 2147483647;
			files = (
			);
			inputPaths = (
			);
			outputPaths = (
			);
			runOnlyForDeploymentPostprocessing = 0;
			shellPath = /bin/sh;
			shellScript = "# shell script goes here
exit 0";
			showEnvVarsInLog = 0;
		};
		93426DA6A4AC2C2AC9CE883C /* CMake PostBuild Rules */ = {
			isa = PBXShellScriptBuildPhase;
			alwaysOutOfDate = 1;
			buildActionMask = 2147483647;
			files = (
			);
			name = "CMake PostBuild Rules";
			outputPaths = (
			);
			runOnlyForDeploymentPostprocessing = 0;
			shellPath = /bin/sh;
			shellScript = "set -e
if test \"$CONFIGURATION\" = \"Debug\"; then :
  cd /Users/sanghoonyou/Desktop/DSP_WolfSound/Lesson04.DSP_Practice/Flanger_JUCE/build_xcode/test
  /opt/homebrew/bin/cmake -DBUILD_TYPE=$CONFIGURATION$EFFECTIVE_PLATFORM_NAME -P cmake_install.cmake
fi
if test \"$CONFIGURATION\" = \"Release\"; then :
  cd /Users/sanghoonyou/Desktop/DSP_WolfSound/Lesson04.DSP_Practice/Flanger_JUCE/build_xcode/test
  /opt/homebrew/bin/cmake -DBUILD_TYPE=$CONFIGURATION$EFFECTIVE_PLATFORM_NAME -P cmake_install.cmake
fi
if test \"$CONFIGURATION\" = \"MinSizeRel\"; then :
  cd /Users/sanghoonyou/Desktop/DSP_WolfSound/Lesson04.DSP_Practice/Flanger_JUCE/build_xcode/test
  /opt/homebrew/bin/cmake -DBUILD_TYPE=$CONFIGURATION$EFFECTIVE_PLATFORM_NAME -P cmake_install.cmake
fi
if test \"$CONFIGURATION\" = \"RelWithDebInfo\"; then :
  cd /Users/sanghoonyou/Desktop/DSP_WolfSound/Lesson04.DSP_Practice/Flanger_JUCE/build_xcode/test
  /opt/homebrew/bin/cmake -DBUILD_TYPE=$CONFIGURATION$EFFECTIVE_PLATFORM_NAME -P cmake_install.cmake
fi
";
			showEnvVarsInLog = 0;
		};
		9B50530E35CC49C82C2FACCF = {
			isa = PBXShellScriptBuildPhase;
			buildActionMask = 2147483647;
			files = (
			);
			inputPaths = (
			);
			outputPaths = (
			);
			runOnlyForDeploymentPostprocessing = 0;
			shellPath = /bin/sh;
			shellScript = "# shell script goes here
exit 0";
			showEnvVarsInLog = 0;
		};
/* End PBXShellScriptBuildPhase section */

/* Begin PBXSourcesBuildPhase section */
		91EF34D3534C4E3FBE912393 /* Sources */ = {
			isa = PBXSourcesBuildPhase;
			buildActionMask = 2147483647;
			files = (
				C8BDA500DE9D4FD48B1F217C /* /Users/sanghoonyou/Desktop/DSP_WolfSound/Lesson04.DSP_Practice/Flanger_JUCE/libs/juce/modules/juce_audio_basics/juce_audio_basics.mm */,
				7624DF32C3744F82B8F4FDA1 /* /Users/sanghoonyou/Desktop/DSP_WolfSound/Lesson04.DSP_Practice/Flanger_JUCE/libs/juce/modules/juce_audio_devices/juce_audio_devices.mm */,
				3E05EC289AAE4716B27C9B89 /* /Users/sanghoonyou/Desktop/DSP_WolfSound/Lesson04.DSP_Practice/Flanger_JUCE/libs/juce/modules/juce_audio_formats/juce_audio_formats.mm */,
				2A100BF0F47149CDB69C2E40 /* /Users/sanghoonyou/Desktop/DSP_WolfSound/Lesson04.DSP_Practice/Flanger_JUCE/libs/juce/modules/juce_audio_processors/juce_audio_processors.mm */,
				F640F931521042D7BCB10348 /* /Users/sanghoonyou/Desktop/DSP_WolfSound/Lesson04.DSP_Practice/Flanger_JUCE/libs/juce/modules/juce_audio_processors/juce_audio_processors_ara.cpp */,
				B4A9E226EBB1426AB030196D /* /Users/sanghoonyou/Desktop/DSP_WolfSound/Lesson04.DSP_Practice/Flanger_JUCE/libs/juce/modules/juce_audio_processors/juce_audio_processors_lv2_libs.cpp */,
				755B62F84BE845C89DA5582F /* /Users/sanghoonyou/Desktop/DSP_WolfSound/Lesson04.DSP_Practice/Flanger_JUCE/libs/juce/modules/juce_audio_utils/juce_audio_utils.mm */,
				F40CFCBECAF84001A0E17102 /* /Users/sanghoonyou/Desktop/DSP_WolfSound/Lesson04.DSP_Practice/Flanger_JUCE/libs/juce/modules/juce_core/juce_core.mm */,
				54C759EA94844785B18D28CC /* /Users/sanghoonyou/Desktop/DSP_WolfSound/Lesson04.DSP_Practice/Flanger_JUCE/libs/juce/modules/juce_core/juce_core_CompilationTime.cpp */,
				471D2708A65F445E8C687B7A /* /Users/sanghoonyou/Desktop/DSP_WolfSound/Lesson04.DSP_Practice/Flanger_JUCE/libs/juce/modules/juce_data_structures/juce_data_structures.mm */,
				AB6B9654A71C4616B2029B27 /* /Users/sanghoonyou/Desktop/DSP_WolfSound/Lesson04.DSP_Practice/Flanger_JUCE/libs/juce/modules/juce_events/juce_events.mm */,
				3A6C83117B5D4A629D95AB91 /* /Users/sanghoonyou/Desktop/DSP_WolfSound/Lesson04.DSP_Practice/Flanger_JUCE/libs/juce/modules/juce_graphics/juce_graphics.mm */,
				15904A5F991048FCAD761B97 /* /Users/sanghoonyou/Desktop/DSP_WolfSound/Lesson04.DSP_Practice/Flanger_JUCE/libs/juce/modules/juce_graphics/juce_graphics_Harfbuzz.cpp */,
				D266DA10038648E9B22944F0 /* /Users/sanghoonyou/Desktop/DSP_WolfSound/Lesson04.DSP_Practice/Flanger_JUCE/libs/juce/modules/juce_graphics/juce_graphics_Sheenbidi.c */,
				1563CB339317475A969502BC /* /Users/sanghoonyou/Desktop/DSP_WolfSound/Lesson04.DSP_Practice/Flanger_JUCE/libs/juce/modules/juce_gui_basics/juce_gui_basics.mm */,
				F8C97B2CB8F74E3B9EF0BC33 /* /Users/sanghoonyou/Desktop/DSP_WolfSound/Lesson04.DSP_Practice/Flanger_JUCE/libs/juce/modules/juce_gui_extra/juce_gui_extra.mm */,
				4C9B8D4F56D547CA904C130D /* /Users/sanghoonyou/Desktop/DSP_WolfSound/Lesson04.DSP_Practice/Flanger_JUCE/test/source/AudioProcessorTest.cpp */,
			);
			runOnlyForDeploymentPostprocessing = 0;
		};
/* End PBXSourcesBuildPhase section */

/* Begin PBXTargetDependency section */
		23593C53EE54456A9C91B1B2 /* PBXTargetDependency */ = {
			isa = PBXTargetDependency;
			target = 9895322AE080059C8C514497 /* ALL_BUILD */;
			targetProxy = 90F1C21A87CE4A36AC21EB77 /* PBXContainerItemProxy */;
		};
		4215283AC32A4B8F81DB9C9F /* PBXTargetDependency */ = {
			isa = PBXTargetDependency;
			target = 5814B75A0AEBF12D8B1C3078 /* ZERO_CHECK */;
			targetProxy = 3FE427CD191543E6BE1F2098 /* PBXContainerItemProxy */;
		};
		489687AAECF7490B808207E0 /* PBXTargetDependency */ = {
			isa = PBXTargetDependency;
			target = A2A279E0668F32E657666243 /* EulerFlangerTest */;
			targetProxy = 5F7C4039E60949C88F7EC827 /* PBXContainerItemProxy */;
		};
		A7824B0E3CC24B2F94DD0243 /* PBXTargetDependency */ = {
			isa = PBXTargetDependency;
			target = 5814B75A0AEBF12D8B1C3078 /* ZERO_CHECK */;
			targetProxy = 57E6FB47F96646949B88FE03 /* PBXContainerItemProxy */;
		};
/* End PBXTargetDependency section */

/* Begin XCBuildConfiguration section */
		01E3FCE57115418EBFB27F09 /* MinSizeRel */ = {
			isa = XCBuildConfiguration;
			buildSettings = {
				ALWAYS_SEARCH_USER_PATHS = NO;
				ARCHS = arm64;
				COMBINE_HIDPI_IMAGES = YES;
				CONFIGURATION_BUILD_DIR = /Users/sanghoonyou/Desktop/DSP_WolfSound/Lesson04.DSP_Practice/Flanger_JUCE/build_xcode/test/MinSizeRel;
				EXECUTABLE_PREFIX = "";
				EXECUTABLE_SUFFIX = "";
				GCC_GENERATE_DEBUGGING_SYMBOLS = NO;
				GCC_INLINES_ARE_PRIVATE_EXTERN = NO;
				GCC_OPTIMIZATION_LEVEL = s;
				GCC_PREPROCESSOR_DEFINITIONS = ("'CMAKE_INTDIR=\"$(CONFIGURATION)$(EFFECTIVE_PLATFORM_NAME)\"'","'JUCE_GLOBAL_MODULE_SETTINGS_INCLUDED=1'","'NDEBUG=1'","'_NDEBUG=1'","'JucePlugin_IsSynth=0'","'JucePlugin_ManufacturerCode=0x4d636d70'","'JucePlugin_Manufacturer=\"EulerPlugin\"'","'JucePlugin_ManufacturerWebsite=\"\"'","'JucePlugin_ManufacturerEmail=\"\"'","'JucePlugin_PluginCode=0x4578706c'","'JucePlugin_ProducesMidiOutput=0'","'JucePlugin_IsMidiEffect=0'","'JucePlugin_WantsMidiInput=0'","'JucePlugin_EditorRequiresKeyboardFocus=0'","'JucePlugin_Name=\"EulerFlanger\"'","'JucePlugin_Desc=\"EulerFlanger\"'","'JucePlugin_Version=0.1.0'","'JucePlugin_VersionString=\"0.1.0\"'","'JucePlugin_VersionCode=0x100'","'JucePlugin_VSTUniqueID=JucePlugin_PluginCode'","'JucePlugin_VSTCategory=kPlugCategEffect'","'JucePlugin_Vst3Category=\"Fx\"'","'JucePlugin_AUMainType='\\''aufx'\\'''","'JucePlugin_AUSubType=JucePlugin_PluginCode'","'JucePlugin_AUExportPrefix=EulerFlangerAU'","'JucePlugin_AUExportPrefixQuoted=\"EulerFlangerAU\"'","'JucePlugin_AUManufacturerCode=JucePlugin_ManufacturerCode'","'JucePlugin_CFBundleIdentifier=com.EulerPlugin.EulerFlanger'","'JucePlugin_AAXIdentifier=com.EulerPlugin.EulerFlanger'","'JucePlugin_AAXManufacturerCode=JucePlugin_ManufacturerCode'","'JucePlugin_AAXProductId=JucePlugin_PluginCode'","'JucePlugin_AAXCategory=0'","'JucePlugin_AAXDisableBypass=0'","'JucePlugin_AAXDisableMultiMono=0'","'JucePlugin_VSTNumMidiInputs=16'","'JucePlugin_VSTNumMidiOutputs=16'","'JucePlugin_Enable_ARA=0'","'JucePlugin_ARAFactoryID=\"com.EulerPlugin.EulerFlanger.arafactory.0.1.0\"'","'JucePlugin_ARADocumentArchiveID=\"com.EulerPlugin.EulerFlanger.aradocumentarchive.1\"'","'JucePlugin_ARACompatibleArchiveIDs=\"\"'","'JucePlugin_ARAContentTypes=0'","'JucePlugin_ARATransformationFlags=0'","'JUCE_WEB_BROWSER=0'","'JUCE_USE_CURL=0'","'JUCE_VST3_CAN_REPLACE_VST2=0'","'JUCE_MODULE_AVAILABLE_juce_audio_plugin_client=1'","'JUCE_MODULE_AVAILABLE_juce_audio_processors=1'","'JUCE_MODULE_AVAILABLE_juce_gui_extra=1'","'JUCE_MODULE_AVAILABLE_juce_gui_basics=1'","'JUCE_MODULE_AVAILABLE_juce_graphics=1'","'JUCE_MODULE_AVAILABLE_juce_events=1'","'JUCE_MODULE_AVAILABLE_juce_core=1'","'JUCE_MODULE_AVAILABLE_juce_data_structures=1'","'JUCE_MODULE_AVAILABLE_juce_audio_basics=1'","'JUCE_MODULE_AVAILABLE_juce_audio_utils=1'","'JUCE_MODULE_AVAILABLE_juce_audio_formats=1'","'JUCE_MODULE_AVAILABLE_juce_audio_devices=1'","'JUCE_STANDALONE_APPLICATION=JucePlugin_Build_Standalone'","$(inherited)");
				GCC_SYMBOLS_PRIVATE_EXTERN = NO;
				HEADER_SEARCH_PATHS = (/Users/sanghoonyou/Desktop/DSP_WolfSound/Lesson04.DSP_Practice/Flanger_JUCE/plugin/include,/Users/sanghoonyou/Desktop/DSP_WolfSound/Lesson04.DSP_Practice/Flanger_JUCE/libs/juce/modules/juce_audio_processors/format_types/VST3_SDK,/Users/sanghoonyou/Desktop/DSP_WolfSound/Lesson04.DSP_Practice/Flanger_JUCE/libs/juce/modules/juce_audio_processors/format_types/LV2_SDK,/Users/sanghoonyou/Desktop/DSP_WolfSound/Lesson04.DSP_Practice/Flanger_JUCE/libs/juce/modules/juce_audio_processors/format_types/LV2_SDK/lv2,/Users/sanghoonyou/Desktop/DSP_WolfSound/Lesson04.DSP_Practice/Flanger_JUCE/libs/juce/modules/juce_audio_processors/format_types/LV2_SDK/serd,/Users/sanghoonyou/Desktop/DSP_WolfSound/Lesson04.DSP_Practice/Flanger_JUCE/libs/juce/modules/juce_audio_processors/format_types/LV2_SDK/sord,/Users/sanghoonyou/Desktop/DSP_WolfSound/Lesson04.DSP_Practice/Flanger_JUCE/libs/juce/modules/juce_audio_processors/format_types/LV2_SDK/sord/src,/Users/sanghoonyou/Desktop/DSP_WolfSound/Lesson04.DSP_Practice/Flanger_JUCE/libs/juce/modules/juce_audio_processors/format_types/LV2_SDK/sratom,/Users/sanghoonyou/Desktop/DSP_WolfSound/Lesson04.DSP_Practice/Flanger_JUCE/libs/juce/modules/juce_audio_processors/format_types/LV2_SDK/lilv,/Users/sanghoonyou/Desktop/DSP_WolfSound/Lesson04.DSP_Practice/Flanger_JUCE/libs/juce/modules/juce_audio_processors/format_types/LV2_SDK/lilv/src,"$(inherited)");
				INSTALL_PATH = "";
				LD_NO_PIE = NO;
				ONLY_ACTIVE_ARCH = NO;
				OTHER_CFLAGS = ("    -DNDEBUG -fPIE -Wall -Wshadow-all -Wshorten-64-to-32 -Wstrict-aliasing -Wuninitialized -Wunused-parameter -Wconversion -Wsign-compare -Wint-conversion -Wconditional-uninitialized -Wconstant-conversion -Wsign-conversion -Wbool-conversion -Wextra-semi -Wunreachable-code -Wcast-align -Wshift-sign-overflow -Wmissing-prototypes -Wnullable-to-nonnull-conversion -Wno-ignored-qualifiers -Wswitch-enum -Wpedantic -Wdeprecated -Wfloat-equal -Wmissing-field-initializers ","$(inherited)");
				OTHER_CPLUSPLUSFLAGS = "    -DNDEBUG '-std=gnu++20' -fPIE -Wall -Wshadow-all -Wshorten-64-to-32 -Wstrict-aliasing -Wuninitialized -Wunused-parameter -Wconversion -Wsign-compare -Wint-conversion -Wconditional-uninitialized -Wconstant-conversion -Wsign-conversion -Wbool-conversion -Wextra-semi -Wunreachable-code -Wcast-align -Wshift-sign-overflow -Wmissing-prototypes -Wnullable-to-nonnull-conversion -Wno-ignored-qualifiers -Wswitch-enum -Wpedantic -Wdeprecated -Wfloat-equal -Wmissing-field-initializers -Wzero-as-null-pointer-constant -Wunused-private-field -Woverloaded-virtual -Wreorder -Winconsistent-missing-destructor-override ";
				OTHER_LDFLAGS = (" -Wl,-search_paths_first -Wl,-headerpad_max_install_names",/Users/sanghoonyou/Desktop/DSP_WolfSound/Lesson04.DSP_Practice/Flanger_JUCE/build_xcode/plugin/EulerFlanger_artefacts/MinSizeRel/libEulerFlanger_SharedCode.a,/Users/sanghoonyou/Desktop/DSP_WolfSound/Lesson04.DSP_Practice/Flanger_JUCE/build_xcode/lib/MinSizeRel/libgtest_main.a,"-framework WebKit","-weak_framework Metal","-weak_framework MetalKit","-framework CoreAudioKit","-framework DiscRecording","-framework QuartzCore","-framework CoreAudio","-framework CoreMIDI","-framework AudioToolbox","-framework Accelerate","-framework Cocoa","-framework Foundation","-framework IOKit","-framework Security",/Users/sanghoonyou/Desktop/DSP_WolfSound/Lesson04.DSP_Practice/Flanger_JUCE/build_xcode/lib/MinSizeRel/libgtest.a,"$(inherited)");
				OTHER_REZFLAGS = "";
				PRODUCT_NAME = EulerFlangerTest;
				SECTORDER_FLAGS = "";
				SYSTEM_HEADER_SEARCH_PATHS = (/Users/sanghoonyou/Desktop/DSP_WolfSound/Lesson04.DSP_Practice/Flanger_JUCE/libs/googletest/googletest/include,/Users/sanghoonyou/Desktop/DSP_WolfSound/Lesson04.DSP_Practice/Flanger_JUCE/libs/juce/modules,/Users/sanghoonyou/Desktop/DSP_WolfSound/Lesson04.DSP_Practice/Flanger_JUCE/libs/googletest/googletest,"$(inherited)");
				TARGET_TEMP_DIR = "/Users/sanghoonyou/Desktop/DSP_WolfSound/Lesson04.DSP_Practice/Flanger_JUCE/build_xcode/build/EulerFlangerTest.build/$(CONFIGURATION)$(EFFECTIVE_PLATFORM_NAME)";
				USE_HEADERMAP = NO;
				WARNING_CFLAGS = ("$(inherited)");
			};
			name = MinSizeRel;
		};
		0FE6D80FA1BE49369521B817 /* RelWithDebInfo */ = {
			isa = XCBuildConfiguration;
			buildSettings = {
				ALWAYS_SEARCH_USER_PATHS = NO;
				ARCHS = arm64;
				COMBINE_HIDPI_IMAGES = YES;
				GCC_GENERATE_DEBUGGING_SYMBOLS = YES;
				GCC_INLINES_ARE_PRIVATE_EXTERN = NO;
				GCC_OPTIMIZATION_LEVEL = 0;
				GCC_PREPROCESSOR_DEFINITIONS = ("'CMAKE_INTDIR=\"$(CONFIGURATION)$(EFFECTIVE_PLATFORM_NAME)\"'","$(inherited)");
				GCC_SYMBOLS_PRIVATE_EXTERN = NO;
				INSTALL_PATH = "";
				ONLY_ACTIVE_ARCH = NO;
				OTHER_LDFLAGS = ("","$(inherited)");
				OTHER_REZFLAGS = "";
				PRODUCT_NAME = RUN_TESTS;
				SECTORDER_FLAGS = "";
				USE_HEADERMAP = NO;
				WARNING_CFLAGS = ("$(inherited)");
			};
			name = RelWithDebInfo;
		};
		2EB389C0805B46419827730F /* Release */ = {
			isa = XCBuildConfiguration;
			buildSettings = {
				ALWAYS_SEARCH_USER_PATHS = NO;
				ARCHS = arm64;
				COMBINE_HIDPI_IMAGES = YES;
				CONFIGURATION_BUILD_DIR = /Users/sanghoonyou/Desktop/DSP_WolfSound/Lesson04.DSP_Practice/Flanger_JUCE/build_xcode/test/Release;
				EXECUTABLE_PREFIX = "";
				EXECUTABLE_SUFFIX = "";
				GCC_GENERATE_DEBUGGING_SYMBOLS = NO;
				GCC_INLINES_ARE_PRIVATE_EXTERN = NO;
				GCC_OPTIMIZATION_LEVEL = 3;
				GCC_PREPROCESSOR_DEFINITIONS = ("'CMAKE_INTDIR=\"$(CONFIGURATION)$(EFFECTIVE_PLATFORM_NAME)\"'","'JUCE_GLOBAL_MODULE_SETTINGS_INCLUDED=1'","'NDEBUG=1'","'_NDEBUG=1'","'JucePlugin_IsSynth=0'","'JucePlugin_ManufacturerCode=0x4d636d70'","'JucePlugin_Manufacturer=\"EulerPlugin\"'","'JucePlugin_ManufacturerWebsite=\"\"'","'JucePlugin_ManufacturerEmail=\"\"'","'JucePlugin_PluginCode=0x4578706c'","'JucePlugin_ProducesMidiOutput=0'","'JucePlugin_IsMidiEffect=0'","'JucePlugin_WantsMidiInput=0'","'JucePlugin_EditorRequiresKeyboardFocus=0'","'JucePlugin_Name=\"EulerFlanger\"'","'JucePlugin_Desc=\"EulerFlanger\"'","'JucePlugin_Version=0.1.0'","'JucePlugin_VersionString=\"0.1.0\"'","'JucePlugin_VersionCode=0x100'","'JucePlugin_VSTUniqueID=JucePlugin_PluginCode'","'JucePlugin_VSTCategory=kPlugCategEffect'","'JucePlugin_Vst3Category=\"Fx\"'","'JucePlugin_AUMainType='\\''aufx'\\'''","'JucePlugin_AUSubType=JucePlugin_PluginCode'","'JucePlugin_AUExportPrefix=EulerFlangerAU'","'JucePlugin_AUExportPrefixQuoted=\"EulerFlangerAU\"'","'JucePlugin_AUManufacturerCode=JucePlugin_ManufacturerCode'","'JucePlugin_CFBundleIdentifier=com.EulerPlugin.EulerFlanger'","'JucePlugin_AAXIdentifier=com.EulerPlugin.EulerFlanger'","'JucePlugin_AAXManufacturerCode=JucePlugin_ManufacturerCode'","'JucePlugin_AAXProductId=JucePlugin_PluginCode'","'JucePlugin_AAXCategory=0'","'JucePlugin_AAXDisableBypass=0'","'JucePlugin_AAXDisableMultiMono=0'","'JucePlugin_VSTNumMidiInputs=16'","'JucePlugin_VSTNumMidiOutputs=16'","'JucePlugin_Enable_ARA=0'","'JucePlugin_ARAFactoryID=\"com.EulerPlugin.EulerFlanger.arafactory.0.1.0\"'","'JucePlugin_ARADocumentArchiveID=\"com.EulerPlugin.EulerFlanger.aradocumentarchive.1\"'","'JucePlugin_ARACompatibleArchiveIDs=\"\"'","'JucePlugin_ARAContentTypes=0'","'JucePlugin_ARATransformationFlags=0'","'JUCE_WEB_BROWSER=0'","'JUCE_USE_CURL=0'","'JUCE_VST3_CAN_REPLACE_VST2=0'","'JUCE_MODULE_AVAILABLE_juce_audio_plugin_client=1'","'JUCE_MODULE_AVAILABLE_juce_audio_processors=1'","'JUCE_MODULE_AVAILABLE_juce_gui_extra=1'","'JUCE_MODULE_AVAILABLE_juce_gui_basics=1'","'JUCE_MODULE_AVAILABLE_juce_graphics=1'","'JUCE_MODULE_AVAILABLE_juce_events=1'","'JUCE_MODULE_AVAILABLE_juce_core=1'","'JUCE_MODULE_AVAILABLE_juce_data_structures=1'","'JUCE_MODULE_AVAILABLE_juce_audio_basics=1'","'JUCE_MODULE_AVAILABLE_juce_audio_utils=1'","'JUCE_MODULE_AVAILABLE_juce_audio_formats=1'","'JUCE_MODULE_AVAILABLE_juce_audio_devices=1'","'JUCE_STANDALONE_APPLICATION=JucePlugin_Build_Standalone'","$(inherited)");
				GCC_SYMBOLS_PRIVATE_EXTERN = NO;
				HEADER_SEARCH_PATHS = (/Users/sanghoonyou/Desktop/DSP_WolfSound/Lesson04.DSP_Practice/Flanger_JUCE/plugin/include,/Users/sanghoonyou/Desktop/DSP_WolfSound/Lesson04.DSP_Practice/Flanger_JUCE/libs/juce/modules/juce_audio_processors/format_types/VST3_SDK,/Users/sanghoonyou/Desktop/DSP_WolfSound/Lesson04.DSP_Practice/Flanger_JUCE/libs/juce/modules/juce_audio_processors/format_types/LV2_SDK,/Users/sanghoonyou/Desktop/DSP_WolfSound/Lesson04.DSP_Practice/Flanger_JUCE/libs/juce/modules/juce_audio_processors/format_types/LV2_SDK/lv2,/Users/sanghoonyou/Desktop/DSP_WolfSound/Lesson04.DSP_Practice/Flanger_JUCE/libs/juce/modules/juce_audio_processors/format_types/LV2_SDK/serd,/Users/sanghoonyou/Desktop/DSP_WolfSound/Lesson04.DSP_Practice/Flanger_JUCE/libs/juce/modules/juce_audio_processors/format_types/LV2_SDK/sord,/Users/sanghoonyou/Desktop/DSP_WolfSound/Lesson04.DSP_Practice/Flanger_JUCE/libs/juce/modules/juce_audio_processors/format_types/LV2_SDK/sord/src,/Users/sanghoonyou/Desktop/DSP_WolfSound/Lesson04.DSP_Practice/Flanger_JUCE/libs/juce/modules/juce_audio_processors/format_types/LV2_SDK/sratom,/Users/sanghoonyou/Desktop/DSP_WolfSound/Lesson04.DSP_Practice/Flanger_JUCE/libs/juce/modules/juce_audio_processors/format_types/LV2_SDK/lilv,/Users/sanghoonyou/Desktop/DSP_WolfSound/Lesson04.DSP_Practice/Flanger_JUCE/libs/juce/modules/juce_audio_processors/format_types/LV2_SDK/lilv/src,"$(inherited)");
				INSTALL_PATH = "";
				LD_NO_PIE = NO;
				ONLY_ACTIVE_ARCH = NO;
				OTHER_CFLAGS = ("    -DNDEBUG -fPIE     -flto -Wall -Wshadow-all -Wshorten-64-to-32 -Wstrict-aliasing -Wuninitialized -Wunused-parameter -Wconversion -Wsign-compare -Wint-conversion -Wconditional-uninitialized -Wconstant-conversion -Wsign-conversion -Wbool-conversion -Wextra-semi -Wunreachable-code -Wcast-align -Wshift-sign-overflow -Wmissing-prototypes -Wnullable-to-nonnull-conversion -Wno-ignored-qualifiers -Wswitch-enum -Wpedantic -Wdeprecated -Wfloat-equal -Wmissing-field-initializers ","$(inherited)");
				OTHER_CPLUSPLUSFLAGS = "    -DNDEBUG '-std=gnu++20' -fPIE     -flto -Wall -Wshadow-all -Wshorten-64-to-32 -Wstrict-aliasing -Wuninitialized -Wunused-parameter -Wconversion -Wsign-compare -Wint-conversion -Wconditional-uninitialized -Wconstant-conversion -Wsign-conversion -Wbool-conversion -Wextra-semi -Wunreachable-code -Wcast-align -Wshift-sign-overflow -Wmissing-prototypes -Wnullable-to-nonnull-conversion -Wno-ignored-qualifiers -Wswitch-enum -Wpedantic -Wdeprecated -Wfloat-equal -Wmissing-field-initializers -Wzero-as-null-pointer-constant -Wunused-private-field -Woverloaded-virtual -Wreorder -Winconsistent-missing-destructor-override ";
				OTHER_LDFLAGS = (" -Wl,-search_paths_first -Wl,-headerpad_max_install_names",/Users/sanghoonyou/Desktop/DSP_WolfSound/Lesson04.DSP_Practice/Flanger_JUCE/build_xcode/plugin/EulerFlanger_artefacts/Release/libEulerFlanger_SharedCode.a,/Users/sanghoonyou/Desktop/DSP_WolfSound/Lesson04.DSP_Practice/Flanger_JUCE/build_xcode/lib/Release/libgtest_main.a,"-framework WebKit","-weak_framework Metal","-weak_framework MetalKit","-framework CoreAudioKit","-framework DiscRecording","-framework QuartzCore","-framework CoreAudio","-framework CoreMIDI","-framework AudioToolbox","-framework Accelerate","-framework Cocoa","-framework Foundation","-framework IOKit","-framework Security","-flto","-Wl,-weak_reference_mismatches,weak",/Users/sanghoonyou/Desktop/DSP_WolfSound/Lesson04.DSP_Practice/Flanger_JUCE/build_xcode/lib/Release/libgtest.a,"$(inherited)");
				OTHER_REZFLAGS = "";
				PRODUCT_NAME = EulerFlangerTest;
				SECTORDER_FLAGS = "";
				SYSTEM_HEADER_SEARCH_PATHS = (/Users/sanghoonyou/Desktop/DSP_WolfSound/Lesson04.DSP_Practice/Flanger_JUCE/libs/googletest/googletest/include,/Users/sanghoonyou/Desktop/DSP_WolfSound/Lesson04.DSP_Practice/Flanger_JUCE/libs/juce/modules,/Users/sanghoonyou/Desktop/DSP_WolfSound/Lesson04.DSP_Practice/Flanger_JUCE/libs/googletest/googletest,"$(inherited)");
				TARGET_TEMP_DIR = "/Users/sanghoonyou/Desktop/DSP_WolfSound/Lesson04.DSP_Practice/Flanger_JUCE/build_xcode/build/EulerFlangerTest.build/$(CONFIGURATION)$(EFFECTIVE_PLATFORM_NAME)";
				USE_HEADERMAP = NO;
				WARNING_CFLAGS = ("$(inherited)");
			};
			name = Release;
		};
		30DF87E5644A4A95A3C9E6FF /* RelWithDebInfo */ = {
			isa = XCBuildConfiguration;
			buildSettings = {
				ALWAYS_SEARCH_USER_PATHS = NO;
				ARCHS = arm64;
				COMBINE_HIDPI_IMAGES = YES;
				GCC_GENERATE_DEBUGGING_SYMBOLS = YES;
				GCC_INLINES_ARE_PRIVATE_EXTERN = NO;
				GCC_OPTIMIZATION_LEVEL = 0;
				GCC_PREPROCESSOR_DEFINITIONS = ("'CMAKE_INTDIR=\"$(CONFIGURATION)$(EFFECTIVE_PLATFORM_NAME)\"'","$(inherited)");
				GCC_SYMBOLS_PRIVATE_EXTERN = NO;
				INSTALL_PATH = "";
				ONLY_ACTIVE_ARCH = NO;
				OTHER_LDFLAGS = ("","$(inherited)");
				OTHER_REZFLAGS = "";
				PRODUCT_NAME = ZERO_CHECK;
				SECTORDER_FLAGS = "";
				USE_HEADERMAP = NO;
				WARNING_CFLAGS = ("$(inherited)");
			};
			name = RelWithDebInfo;
		};
		3A799A130F024227B75D39ED /* Release */ = {
			isa = XCBuildConfiguration;
			buildSettings = {
				ALWAYS_SEARCH_USER_PATHS = NO;
				ARCHS = arm64;
				COMBINE_HIDPI_IMAGES = YES;
				GCC_GENERATE_DEBUGGING_SYMBOLS = YES;
				GCC_INLINES_ARE_PRIVATE_EXTERN = NO;
				GCC_OPTIMIZATION_LEVEL = 0;
				GCC_PREPROCESSOR_DEFINITIONS = ("'CMAKE_INTDIR=\"$(CONFIGURATION)$(EFFECTIVE_PLATFORM_NAME)\"'","$(inherited)");
				GCC_SYMBOLS_PRIVATE_EXTERN = NO;
				INSTALL_PATH = "";
				ONLY_ACTIVE_ARCH = NO;
				OTHER_LDFLAGS = ("","$(inherited)");
				OTHER_REZFLAGS = "";
				PRODUCT_NAME = install;
				SECTORDER_FLAGS = "";
				USE_HEADERMAP = NO;
				WARNING_CFLAGS = ("$(inherited)");
			};
			name = Release;
		};
		436041E15A794F85AA8ECEE8 /* Release */ = {
			isa = XCBuildConfiguration;
			buildSettings = {
				ALWAYS_SEARCH_USER_PATHS = NO;
				ARCHS = arm64;
				COMBINE_HIDPI_IMAGES = YES;
				GCC_GENERATE_DEBUGGING_SYMBOLS = YES;
				GCC_INLINES_ARE_PRIVATE_EXTERN = NO;
				GCC_OPTIMIZATION_LEVEL = 0;
				GCC_PREPROCESSOR_DEFINITIONS = ("'CMAKE_INTDIR=\"$(CONFIGURATION)$(EFFECTIVE_PLATFORM_NAME)\"'","$(inherited)");
				GCC_SYMBOLS_PRIVATE_EXTERN = NO;
				INSTALL_PATH = "";
				ONLY_ACTIVE_ARCH = NO;
				OTHER_LDFLAGS = ("","$(inherited)");
				OTHER_REZFLAGS = "";
				PRODUCT_NAME = RUN_TESTS;
				SECTORDER_FLAGS = "";
				USE_HEADERMAP = NO;
				WARNING_CFLAGS = ("$(inherited)");
			};
			name = Release;
		};
		5768E0B2DF63433A9C59C0E0 /* Debug */ = {
			isa = XCBuildConfiguration;
			buildSettings = {
				ALWAYS_SEARCH_USER_PATHS = NO;
				ARCHS = arm64;
				COMBINE_HIDPI_IMAGES = YES;
				GCC_GENERATE_DEBUGGING_SYMBOLS = YES;
				GCC_INLINES_ARE_PRIVATE_EXTERN = NO;
				GCC_OPTIMIZATION_LEVEL = 0;
				GCC_PREPROCESSOR_DEFINITIONS = ("'CMAKE_INTDIR=\"$(CONFIGURATION)$(EFFECTIVE_PLATFORM_NAME)\"'","$(inherited)");
				GCC_SYMBOLS_PRIVATE_EXTERN = NO;
				INSTALL_PATH = "";
				ONLY_ACTIVE_ARCH = NO;
				OTHER_LDFLAGS = ("","$(inherited)");
				OTHER_REZFLAGS = "";
				PRODUCT_NAME = ALL_BUILD;
				SECTORDER_FLAGS = "";
				USE_HEADERMAP = NO;
				WARNING_CFLAGS = ("$(inherited)");
			};
			name = Debug;
		};
		5AC61D7FB1EE4A6F9E5B23B6 /* RelWithDebInfo */ = {
			isa = XCBuildConfiguration;
			buildSettings = {
				ALWAYS_SEARCH_USER_PATHS = NO;
				ARCHS = arm64;
				COMBINE_HIDPI_IMAGES = YES;
				CONFIGURATION_BUILD_DIR = /Users/sanghoonyou/Desktop/DSP_WolfSound/Lesson04.DSP_Practice/Flanger_JUCE/build_xcode/test/RelWithDebInfo;
				EXECUTABLE_PREFIX = "";
				EXECUTABLE_SUFFIX = "";
				GCC_GENERATE_DEBUGGING_SYMBOLS = YES;
				GCC_INLINES_ARE_PRIVATE_EXTERN = NO;
				GCC_OPTIMIZATION_LEVEL = 2;
				GCC_PREPROCESSOR_DEFINITIONS = ("'CMAKE_INTDIR=\"$(CONFIGURATION)$(EFFECTIVE_PLATFORM_NAME)\"'","'JUCE_GLOBAL_MODULE_SETTINGS_INCLUDED=1'","'NDEBUG=1'","'_NDEBUG=1'","'JucePlugin_IsSynth=0'","'JucePlugin_ManufacturerCode=0x4d636d70'","'JucePlugin_Manufacturer=\"EulerPlugin\"'","'JucePlugin_ManufacturerWebsite=\"\"'","'JucePlugin_ManufacturerEmail=\"\"'","'JucePlugin_PluginCode=0x4578706c'","'JucePlugin_ProducesMidiOutput=0'","'JucePlugin_IsMidiEffect=0'","'JucePlugin_WantsMidiInput=0'","'JucePlugin_EditorRequiresKeyboardFocus=0'","'JucePlugin_Name=\"EulerFlanger\"'","'JucePlugin_Desc=\"EulerFlanger\"'","'JucePlugin_Version=0.1.0'","'JucePlugin_VersionString=\"0.1.0\"'","'JucePlugin_VersionCode=0x100'","'JucePlugin_VSTUniqueID=JucePlugin_PluginCode'","'JucePlugin_VSTCategory=kPlugCategEffect'","'JucePlugin_Vst3Category=\"Fx\"'","'JucePlugin_AUMainType='\\''aufx'\\'''","'JucePlugin_AUSubType=JucePlugin_PluginCode'","'JucePlugin_AUExportPrefix=EulerFlangerAU'","'JucePlugin_AUExportPrefixQuoted=\"EulerFlangerAU\"'","'JucePlugin_AUManufacturerCode=JucePlugin_ManufacturerCode'","'JucePlugin_CFBundleIdentifier=com.EulerPlugin.EulerFlanger'","'JucePlugin_AAXIdentifier=com.EulerPlugin.EulerFlanger'","'JucePlugin_AAXManufacturerCode=JucePlugin_ManufacturerCode'","'JucePlugin_AAXProductId=JucePlugin_PluginCode'","'JucePlugin_AAXCategory=0'","'JucePlugin_AAXDisableBypass=0'","'JucePlugin_AAXDisableMultiMono=0'","'JucePlugin_VSTNumMidiInputs=16'","'JucePlugin_VSTNumMidiOutputs=16'","'JucePlugin_Enable_ARA=0'","'JucePlugin_ARAFactoryID=\"com.EulerPlugin.EulerFlanger.arafactory.0.1.0\"'","'JucePlugin_ARADocumentArchiveID=\"com.EulerPlugin.EulerFlanger.aradocumentarchive.1\"'","'JucePlugin_ARACompatibleArchiveIDs=\"\"'","'JucePlugin_ARAContentTypes=0'","'JucePlugin_ARATransformationFlags=0'","'JUCE_WEB_BROWSER=0'","'JUCE_USE_CURL=0'","'JUCE_VST3_CAN_REPLACE_VST2=0'","'JUCE_MODULE_AVAILABLE_juce_audio_plugin_client=1'","'JUCE_MODULE_AVAILABLE_juce_audio_processors=1'","'JUCE_MODULE_AVAILABLE_juce_gui_extra=1'","'JUCE_MODULE_AVAILABLE_juce_gui_basics=1'","'JUCE_MODULE_AVAILABLE_juce_graphics=1'","'JUCE_MODULE_AVAILABLE_juce_events=1'","'JUCE_MODULE_AVAILABLE_juce_core=1'","'JUCE_MODULE_AVAILABLE_juce_data_structures=1'","'JUCE_MODULE_AVAILABLE_juce_audio_basics=1'","'JUCE_MODULE_AVAILABLE_juce_audio_utils=1'","'JUCE_MODULE_AVAILABLE_juce_audio_formats=1'","'JUCE_MODULE_AVAILABLE_juce_audio_devices=1'","'JUCE_STANDALONE_APPLICATION=JucePlugin_Build_Standalone'","$(inherited)");
				GCC_SYMBOLS_PRIVATE_EXTERN = NO;
				HEADER_SEARCH_PATHS = (/Users/sanghoonyou/Desktop/DSP_WolfSound/Lesson04.DSP_Practice/Flanger_JUCE/plugin/include,/Users/sanghoonyou/Desktop/DSP_WolfSound/Lesson04.DSP_Practice/Flanger_JUCE/libs/juce/modules/juce_audio_processors/format_types/VST3_SDK,/Users/sanghoonyou/Desktop/DSP_WolfSound/Lesson04.DSP_Practice/Flanger_JUCE/libs/juce/modules/juce_audio_processors/format_types/LV2_SDK,/Users/sanghoonyou/Desktop/DSP_WolfSound/Lesson04.DSP_Practice/Flanger_JUCE/libs/juce/modules/juce_audio_processors/format_types/LV2_SDK/lv2,/Users/sanghoonyou/Desktop/DSP_WolfSound/Lesson04.DSP_Practice/Flanger_JUCE/libs/juce/modules/juce_audio_processors/format_types/LV2_SDK/serd,/Users/sanghoonyou/Desktop/DSP_WolfSound/Lesson04.DSP_Practice/Flanger_JUCE/libs/juce/modules/juce_audio_processors/format_types/LV2_SDK/sord,/Users/sanghoonyou/Desktop/DSP_WolfSound/Lesson04.DSP_Practice/Flanger_JUCE/libs/juce/modules/juce_audio_processors/format_types/LV2_SDK/sord/src,/Users/sanghoonyou/Desktop/DSP_WolfSound/Lesson04.DSP_Practice/Flanger_JUCE/libs/juce/modules/juce_audio_processors/format_types/LV2_SDK/sratom,/Users/sanghoonyou/Desktop/DSP_WolfSound/Lesson04.DSP_Practice/Flanger_JUCE/libs/juce/modules/juce_audio_processors/format_types/LV2_SDK/lilv,/Users/sanghoonyou/Desktop/DSP_WolfSound/Lesson04.DSP_Practice/Flanger_JUCE/libs/juce/modules/juce_audio_processors/format_types/LV2_SDK/lilv/src,"$(inherited)");
				INSTALL_PATH = "";
				LD_NO_PIE = NO;
				ONLY_ACTIVE_ARCH = NO;
				OTHER_CFLAGS = ("       -DNDEBUG -fPIE -Wall -Wshadow-all -Wshorten-64-to-32 -Wstrict-aliasing -Wuninitialized -Wunused-parameter -Wconversion -Wsign-compare -Wint-conversion -Wconditional-uninitialized -Wconstant-conversion -Wsign-conversion -Wbool-conversion -Wextra-semi -Wunreachable-code -Wcast-align -Wshift-sign-overflow -Wmissing-prototypes -Wnullable-to-nonnull-conversion -Wno-ignored-qualifiers -Wswitch-enum -Wpedantic -Wdeprecated -Wfloat-equal -Wmissing-field-initializers ","$(inherited)");
				OTHER_CPLUSPLUSFLAGS = "       -DNDEBUG '-std=gnu++20' -fPIE -Wall -Wshadow-all -Wshorten-64-to-32 -Wstrict-aliasing -Wuninitialized -Wunused-parameter -Wconversion -Wsign-compare -Wint-conversion -Wconditional-uninitialized -Wconstant-conversion -Wsign-conversion -Wbool-conversion -Wextra-semi -Wunreachable-code -Wcast-align -Wshift-sign-overflow -Wmissing-prototypes -Wnullable-to-nonnull-conversion -Wno-ignored-qualifiers -Wswitch-enum -Wpedantic -Wdeprecated -Wfloat-equal -Wmissing-field-initializers -Wzero-as-null-pointer-constant -Wunused-private-field -Woverloaded-virtual -Wreorder -Winconsistent-missing-destructor-override ";
				OTHER_LDFLAGS = (" -Wl,-search_paths_first -Wl,-headerpad_max_install_names",/Users/sanghoonyou/Desktop/DSP_WolfSound/Lesson04.DSP_Practice/Flanger_JUCE/build_xcode/plugin/EulerFlanger_artefacts/RelWithDebInfo/libEulerFlanger_SharedCode.a,/Users/sanghoonyou/Desktop/DSP_WolfSound/Lesson04.DSP_Practice/Flanger_JUCE/build_xcode/lib/RelWithDebInfo/libgtest_main.a,"-framework WebKit","-weak_framework Metal","-weak_framework MetalKit","-framework CoreAudioKit","-framework DiscRecording","-framework QuartzCore","-framework CoreAudio","-framework CoreMIDI","-framework AudioToolbox","-framework Accelerate","-framework Cocoa","-framework Foundation","-framework IOKit","-framework Security",/Users/sanghoonyou/Desktop/DSP_WolfSound/Lesson04.DSP_Practice/Flanger_JUCE/build_xcode/lib/RelWithDebInfo/libgtest.a,"$(inherited)");
				OTHER_REZFLAGS = "";
				PRODUCT_NAME = EulerFlangerTest;
				SECTORDER_FLAGS = "";
				SYSTEM_HEADER_SEARCH_PATHS = (/Users/sanghoonyou/Desktop/DSP_WolfSound/Lesson04.DSP_Practice/Flanger_JUCE/libs/googletest/googletest/include,/Users/sanghoonyou/Desktop/DSP_WolfSound/Lesson04.DSP_Practice/Flanger_JUCE/libs/juce/modules,/Users/sanghoonyou/Desktop/DSP_WolfSound/Lesson04.DSP_Practice/Flanger_JUCE/libs/googletest/googletest,"$(inherited)");
				TARGET_TEMP_DIR = "/Users/sanghoonyou/Desktop/DSP_WolfSound/Lesson04.DSP_Practice/Flanger_JUCE/build_xcode/build/EulerFlangerTest.build/$(CONFIGURATION)$(EFFECTIVE_PLATFORM_NAME)";
				USE_HEADERMAP = NO;
				WARNING_CFLAGS = ("$(inherited)");
			};
			name = RelWithDebInfo;
		};
		5C0945F4D2854AF58FBE9EE0 /* Debug */ = {
			isa = XCBuildConfiguration;
			buildSettings = {
				ALWAYS_SEARCH_USER_PATHS = NO;
				ARCHS = arm64;
				COMBINE_HIDPI_IMAGES = YES;
				GCC_GENERATE_DEBUGGING_SYMBOLS = YES;
				GCC_INLINES_ARE_PRIVATE_EXTERN = NO;
				GCC_OPTIMIZATION_LEVEL = 0;
				GCC_PREPROCESSOR_DEFINITIONS = ("'CMAKE_INTDIR=\"$(CONFIGURATION)$(EFFECTIVE_PLATFORM_NAME)\"'","$(inherited)");
				GCC_SYMBOLS_PRIVATE_EXTERN = NO;
				INSTALL_PATH = "";
				ONLY_ACTIVE_ARCH = NO;
				OTHER_LDFLAGS = ("","$(inherited)");
				OTHER_REZFLAGS = "";
				PRODUCT_NAME = install;
				SECTORDER_FLAGS = "";
				USE_HEADERMAP = NO;
				WARNING_CFLAGS = ("$(inherited)");
			};
			name = Debug;
		};
		615AF6D057874ECA968BFC83 /* Release */ = {
			isa = XCBuildConfiguration;
			buildSettings = {
				ALWAYS_SEARCH_USER_PATHS = NO;
				ARCHS = arm64;
				COMBINE_HIDPI_IMAGES = YES;
				GCC_GENERATE_DEBUGGING_SYMBOLS = YES;
				GCC_INLINES_ARE_PRIVATE_EXTERN = NO;
				GCC_OPTIMIZATION_LEVEL = 0;
				GCC_PREPROCESSOR_DEFINITIONS = ("'CMAKE_INTDIR=\"$(CONFIGURATION)$(EFFECTIVE_PLATFORM_NAME)\"'","$(inherited)");
				GCC_SYMBOLS_PRIVATE_EXTERN = NO;
				INSTALL_PATH = "";
				ONLY_ACTIVE_ARCH = NO;
				OTHER_LDFLAGS = ("","$(inherited)");
				OTHER_REZFLAGS = "";
				PRODUCT_NAME = ZERO_CHECK;
				SECTORDER_FLAGS = "";
				USE_HEADERMAP = NO;
				WARNING_CFLAGS = ("$(inherited)");
			};
			name = Release;
		};
		6B63E3A179984BA89517A3B0 /* Debug */ = {
			isa = XCBuildConfiguration;
			buildSettings = {
				ALWAYS_SEARCH_USER_PATHS = NO;
				ARCHS = arm64;
				COMBINE_HIDPI_IMAGES = YES;
				GCC_GENERATE_DEBUGGING_SYMBOLS = YES;
				GCC_INLINES_ARE_PRIVATE_EXTERN = NO;
				GCC_OPTIMIZATION_LEVEL = 0;
				GCC_PREPROCESSOR_DEFINITIONS = ("'CMAKE_INTDIR=\"$(CONFIGURATION)$(EFFECTIVE_PLATFORM_NAME)\"'","$(inherited)");
				GCC_SYMBOLS_PRIVATE_EXTERN = NO;
				INSTALL_PATH = "";
				ONLY_ACTIVE_ARCH = NO;
				OTHER_LDFLAGS = ("","$(inherited)");
				OTHER_REZFLAGS = "";
				PRODUCT_NAME = RUN_TESTS;
				SECTORDER_FLAGS = "";
				USE_HEADERMAP = NO;
				WARNING_CFLAGS = ("$(inherited)");
			};
			name = Debug;
		};
		6BB81C99828E4854B886144C /* MinSizeRel */ = {
			isa = XCBuildConfiguration;
			buildSettings = {
				ALWAYS_SEARCH_USER_PATHS = NO;
				ARCHS = arm64;
				COMBINE_HIDPI_IMAGES = YES;
				GCC_GENERATE_DEBUGGING_SYMBOLS = YES;
				GCC_INLINES_ARE_PRIVATE_EXTERN = NO;
				GCC_OPTIMIZATION_LEVEL = 0;
				GCC_PREPROCESSOR_DEFINITIONS = ("'CMAKE_INTDIR=\"$(CONFIGURATION)$(EFFECTIVE_PLATFORM_NAME)\"'","$(inherited)");
				GCC_SYMBOLS_PRIVATE_EXTERN = NO;
				INSTALL_PATH = "";
				ONLY_ACTIVE_ARCH = NO;
				OTHER_LDFLAGS = ("","$(inherited)");
				OTHER_REZFLAGS = "";
				PRODUCT_NAME = ZERO_CHECK;
				SECTORDER_FLAGS = "";
				USE_HEADERMAP = NO;
				WARNING_CFLAGS = ("$(inherited)");
			};
			name = MinSizeRel;
		};
		727FFD59A9A04DFAB00D331D /* MinSizeRel */ = {
			isa = XCBuildConfiguration;
			buildSettings = {
				ALWAYS_SEARCH_USER_PATHS = NO;
				ARCHS = arm64;
				COMBINE_HIDPI_IMAGES = YES;
				GCC_GENERATE_DEBUGGING_SYMBOLS = YES;
				GCC_INLINES_ARE_PRIVATE_EXTERN = NO;
				GCC_OPTIMIZATION_LEVEL = 0;
				GCC_PREPROCESSOR_DEFINITIONS = ("'CMAKE_INTDIR=\"$(CONFIGURATION)$(EFFECTIVE_PLATFORM_NAME)\"'","$(inherited)");
				GCC_SYMBOLS_PRIVATE_EXTERN = NO;
				INSTALL_PATH = "";
				ONLY_ACTIVE_ARCH = NO;
				OTHER_LDFLAGS = ("","$(inherited)");
				OTHER_REZFLAGS = "";
				PRODUCT_NAME = ALL_BUILD;
				SECTORDER_FLAGS = "";
				USE_HEADERMAP = NO;
				WARNING_CFLAGS = ("$(inherited)");
			};
			name = MinSizeRel;
		};
		894DF5FEE84D458597F45C26 /* Debug */ = {
			isa = XCBuildConfiguration;
			buildSettings = {
				ALWAYS_SEARCH_USER_PATHS = NO;
				ARCHS = arm64;
				COMBINE_HIDPI_IMAGES = YES;
				CONFIGURATION_BUILD_DIR = /Users/sanghoonyou/Desktop/DSP_WolfSound/Lesson04.DSP_Practice/Flanger_JUCE/build_xcode/test/Debug;
				EXECUTABLE_PREFIX = "";
				EXECUTABLE_SUFFIX = "";
				GCC_GENERATE_DEBUGGING_SYMBOLS = YES;
				GCC_INLINES_ARE_PRIVATE_EXTERN = NO;
				GCC_OPTIMIZATION_LEVEL = 0;
				GCC_PREPROCESSOR_DEFINITIONS = ("'CMAKE_INTDIR=\"$(CONFIGURATION)$(EFFECTIVE_PLATFORM_NAME)\"'","'JUCE_GLOBAL_MODULE_SETTINGS_INCLUDED=1'","'DEBUG=1'","'_DEBUG=1'","'JucePlugin_IsSynth=0'","'JucePlugin_ManufacturerCode=0x4d636d70'","'JucePlugin_Manufacturer=\"EulerPlugin\"'","'JucePlugin_ManufacturerWebsite=\"\"'","'JucePlugin_ManufacturerEmail=\"\"'","'JucePlugin_PluginCode=0x4578706c'","'JucePlugin_ProducesMidiOutput=0'","'JucePlugin_IsMidiEffect=0'","'JucePlugin_WantsMidiInput=0'","'JucePlugin_EditorRequiresKeyboardFocus=0'","'JucePlugin_Name=\"EulerFlanger\"'","'JucePlugin_Desc=\"EulerFlanger\"'","'JucePlugin_Version=0.1.0'","'JucePlugin_VersionString=\"0.1.0\"'","'JucePlugin_VersionCode=0x100'","'JucePlugin_VSTUniqueID=JucePlugin_PluginCode'","'JucePlugin_VSTCategory=kPlugCategEffect'","'JucePlugin_Vst3Category=\"Fx\"'","'JucePlugin_AUMainType='\\''aufx'\\'''","'JucePlugin_AUSubType=JucePlugin_PluginCode'","'JucePlugin_AUExportPrefix=EulerFlangerAU'","'JucePlugin_AUExportPrefixQuoted=\"EulerFlangerAU\"'","'JucePlugin_AUManufacturerCode=JucePlugin_ManufacturerCode'","'JucePlugin_CFBundleIdentifier=com.EulerPlugin.EulerFlanger'","'JucePlugin_AAXIdentifier=com.EulerPlugin.EulerFlanger'","'JucePlugin_AAXManufacturerCode=JucePlugin_ManufacturerCode'","'JucePlugin_AAXProductId=JucePlugin_PluginCode'","'JucePlugin_AAXCategory=0'","'JucePlugin_AAXDisableBypass=0'","'JucePlugin_AAXDisableMultiMono=0'","'JucePlugin_VSTNumMidiInputs=16'","'JucePlugin_VSTNumMidiOutputs=16'","'JucePlugin_Enable_ARA=0'","'JucePlugin_ARAFactoryID=\"com.EulerPlugin.EulerFlanger.arafactory.0.1.0\"'","'JucePlugin_ARADocumentArchiveID=\"com.EulerPlugin.EulerFlanger.aradocumentarchive.1\"'","'JucePlugin_ARACompatibleArchiveIDs=\"\"'","'JucePlugin_ARAContentTypes=0'","'JucePlugin_ARATransformationFlags=0'","'JUCE_WEB_BROWSER=0'","'JUCE_USE_CURL=0'","'JUCE_VST3_CAN_REPLACE_VST2=0'","'JUCE_MODULE_AVAILABLE_juce_audio_plugin_client=1'","'JUCE_MODULE_AVAILABLE_juce_audio_processors=1'","'JUCE_MODULE_AVAILABLE_juce_gui_extra=1'","'JUCE_MODULE_AVAILABLE_juce_gui_basics=1'","'JUCE_MODULE_AVAILABLE_juce_graphics=1'","'JUCE_MODULE_AVAILABLE_juce_events=1'","'JUCE_MODULE_AVAILABLE_juce_core=1'","'JUCE_MODULE_AVAILABLE_juce_data_structures=1'","'JUCE_MODULE_AVAILABLE_juce_audio_basics=1'","'JUCE_MODULE_AVAILABLE_juce_audio_utils=1'","'JUCE_MODULE_AVAILABLE_juce_audio_formats=1'","'JUCE_MODULE_AVAILABLE_juce_audio_devices=1'","'JUCE_STANDALONE_APPLICATION=JucePlugin_Build_Standalone'","$(inherited)");
				GCC_SYMBOLS_PRIVATE_EXTERN = NO;
				HEADER_SEARCH_PATHS = (/Users/sanghoonyou/Desktop/DSP_WolfSound/Lesson04.DSP_Practice/Flanger_JUCE/plugin/include,/Users/sanghoonyou/Desktop/DSP_WolfSound/Lesson04.DSP_Practice/Flanger_JUCE/libs/juce/modules/juce_audio_processors/format_types/VST3_SDK,/Users/sanghoonyou/Desktop/DSP_WolfSound/Lesson04.DSP_Practice/Flanger_JUCE/libs/juce/modules/juce_audio_processors/format_types/LV2_SDK,/Users/sanghoonyou/Desktop/DSP_WolfSound/Lesson04.DSP_Practice/Flanger_JUCE/libs/juce/modules/juce_audio_processors/format_types/LV2_SDK/lv2,/Users/sanghoonyou/Desktop/DSP_WolfSound/Lesson04.DSP_Practice/Flanger_JUCE/libs/juce/modules/juce_audio_processors/format_types/LV2_SDK/serd,/Users/sanghoonyou/Desktop/DSP_WolfSound/Lesson04.DSP_Practice/Flanger_JUCE/libs/juce/modules/juce_audio_processors/format_types/LV2_SDK/sord,/Users/sanghoonyou/Desktop/DSP_WolfSound/Lesson04.DSP_Practice/Flanger_JUCE/libs/juce/modules/juce_audio_processors/format_types/LV2_SDK/sord/src,/Users/sanghoonyou/Desktop/DSP_WolfSound/Lesson04.DSP_Practice/Flanger_JUCE/libs/juce/modules/juce_audio_processors/format_types/LV2_SDK/sratom,/Users/sanghoonyou/Desktop/DSP_WolfSound/Lesson04.DSP_Practice/Flanger_JUCE/libs/juce/modules/juce_audio_processors/format_types/LV2_SDK/lilv,/Users/sanghoonyou/Desktop/DSP_WolfSound/Lesson04.DSP_Practice/Flanger_JUCE/libs/juce/modules/juce_audio_processors/format_types/LV2_SDK/lilv/src,"$(inherited)");
				INSTALL_PATH = "";
				LD_NO_PIE = NO;
				ONLY_ACTIVE_ARCH = NO;
				OTHER_CFLAGS = ("   -fPIE        -Wall -Wshadow-all -Wshorten-64-to-32 -Wstrict-aliasing -Wuninitialized -Wunused-parameter -Wconversion -Wsign-compare -Wint-conversion -Wconditional-uninitialized -Wconstant-conversion -Wsign-conversion -Wbool-conversion -Wextra-semi -Wunreachable-code -Wcast-align -Wshift-sign-overflow -Wmissing-prototypes -Wnullable-to-nonnull-conversion -Wno-ignored-qualifiers -Wswitch-enum -Wpedantic -Wdeprecated -Wfloat-equal -Wmissing-field-initializers ","$(inherited)");
				OTHER_CPLUSPLUSFLAGS = "   '-std=gnu++20' -fPIE        -Wall -Wshadow-all -Wshorten-64-to-32 -Wstrict-aliasing -Wuninitialized -Wunused-parameter -Wconversion -Wsign-compare -Wint-conversion -Wconditional-uninitialized -Wconstant-conversion -Wsign-conversion -Wbool-conversion -Wextra-semi -Wunreachable-code -Wcast-align -Wshift-sign-overflow -Wmissing-prototypes -Wnullable-to-nonnull-conversion -Wno-ignored-qualifiers -Wswitch-enum -Wpedantic -Wdeprecated -Wfloat-equal -Wmissing-field-initializers -Wzero-as-null-pointer-constant -Wunused-private-field -Woverloaded-virtual -Wreorder -Winconsistent-missing-destructor-override ";
				OTHER_LDFLAGS = (" -Wl,-search_paths_first -Wl,-headerpad_max_install_names",/Users/sanghoonyou/Desktop/DSP_WolfSound/Lesson04.DSP_Practice/Flanger_JUCE/build_xcode/plugin/EulerFlanger_artefacts/Debug/libEulerFlanger_SharedCode.a,/Users/sanghoonyou/Desktop/DSP_WolfSound/Lesson04.DSP_Practice/Flanger_JUCE/build_xcode/lib/Debug/libgtest_main.a,"-framework WebKit","-weak_framework Metal","-weak_framework MetalKit","-framework CoreAudioKit","-framework DiscRecording","-framework QuartzCore","-framework CoreAudio","-framework CoreMIDI","-framework AudioToolbox","-framework Accelerate","-framework Cocoa","-framework Foundation","-framework IOKit","-framework Security",/Users/sanghoonyou/Desktop/DSP_WolfSound/Lesson04.DSP_Practice/Flanger_JUCE/build_xcode/lib/Debug/libgtest.a,"$(inherited)");
				OTHER_REZFLAGS = "";
				PRODUCT_NAME = EulerFlangerTest;
				SECTORDER_FLAGS = "";
				SYSTEM_HEADER_SEARCH_PATHS = (/Users/sanghoonyou/Desktop/DSP_WolfSound/Lesson04.DSP_Practice/Flanger_JUCE/libs/googletest/googletest/include,/Users/sanghoonyou/Desktop/DSP_WolfSound/Lesson04.DSP_Practice/Flanger_JUCE/libs/juce/modules,/Users/sanghoonyou/Desktop/DSP_WolfSound/Lesson04.DSP_Practice/Flanger_JUCE/libs/googletest/googletest,"$(inherited)");
				TARGET_TEMP_DIR = "/Users/sanghoonyou/Desktop/DSP_WolfSound/Lesson04.DSP_Practice/Flanger_JUCE/build_xcode/build/EulerFlangerTest.build/$(CONFIGURATION)$(EFFECTIVE_PLATFORM_NAME)";
				USE_HEADERMAP = NO;
				WARNING_CFLAGS = ("$(inherited)");
			};
			name = Debug;
		};
		9D9D76AC2CC24430BE708015 /* MinSizeRel */ = {
			isa = XCBuildConfiguration;
			buildSettings = {
				ALWAYS_SEARCH_USER_PATHS = NO;
				ARCHS = arm64;
				COMBINE_HIDPI_IMAGES = YES;
				GCC_GENERATE_DEBUGGING_SYMBOLS = YES;
				GCC_INLINES_ARE_PRIVATE_EXTERN = NO;
				GCC_OPTIMIZATION_LEVEL = 0;
				GCC_PREPROCESSOR_DEFINITIONS = ("'CMAKE_INTDIR=\"$(CONFIGURATION)$(EFFECTIVE_PLATFORM_NAME)\"'","$(inherited)");
				GCC_SYMBOLS_PRIVATE_EXTERN = NO;
				INSTALL_PATH = "";
				ONLY_ACTIVE_ARCH = NO;
				OTHER_LDFLAGS = ("","$(inherited)");
				OTHER_REZFLAGS = "";
				PRODUCT_NAME = install;
				SECTORDER_FLAGS = "";
				USE_HEADERMAP = NO;
				WARNING_CFLAGS = ("$(inherited)");
			};
			name = MinSizeRel;
		};
		A51355C244FF47D092852CC7 /* Release */ = {
			isa = XCBuildConfiguration;
			buildSettings = {
				ARCHS = arm64;
				SDKROOT = "";
				SWIFT_COMPILATION_MODE = wholemodule;
				SYMROOT = /Users/sanghoonyou/Desktop/DSP_WolfSound/Lesson04.DSP_Practice/Flanger_JUCE/build_xcode/build;
			};
			name = Release;
		};
		A53872A89908497B87112FAB /* MinSizeRel */ = {
			isa = XCBuildConfiguration;
			buildSettings = {
				ARCHS = arm64;
				SDKROOT = "";
				SWIFT_COMPILATION_MODE = wholemodule;
				SYMROOT = /Users/sanghoonyou/Desktop/DSP_WolfSound/Lesson04.DSP_Practice/Flanger_JUCE/build_xcode/build;
			};
			name = MinSizeRel;
		};
		AF4831AB711F4CC98A873870 /* RelWithDebInfo */ = {
			isa = XCBuildConfiguration;
			buildSettings = {
				ALWAYS_SEARCH_USER_PATHS = NO;
				ARCHS = arm64;
				COMBINE_HIDPI_IMAGES = YES;
				GCC_GENERATE_DEBUGGING_SYMBOLS = YES;
				GCC_INLINES_ARE_PRIVATE_EXTERN = NO;
				GCC_OPTIMIZATION_LEVEL = 0;
				GCC_PREPROCESSOR_DEFINITIONS = ("'CMAKE_INTDIR=\"$(CONFIGURATION)$(EFFECTIVE_PLATFORM_NAME)\"'","$(inherited)");
				GCC_SYMBOLS_PRIVATE_EXTERN = NO;
				INSTALL_PATH = "";
				ONLY_ACTIVE_ARCH = NO;
				OTHER_LDFLAGS = ("","$(inherited)");
				OTHER_REZFLAGS = "";
				PRODUCT_NAME = ALL_BUILD;
				SECTORDER_FLAGS = "";
				USE_HEADERMAP = NO;
				WARNING_CFLAGS = ("$(inherited)");
			};
			name = RelWithDebInfo;
		};
		AF774D3D2AED4D5FA51288C4 /* Debug */ = {
			isa = XCBuildConfiguration;
			buildSettings = {
				ARCHS = arm64;
				SDKROOT = "";
				SYMROOT = /Users/sanghoonyou/Desktop/DSP_WolfSound/Lesson04.DSP_Practice/Flanger_JUCE/build_xcode/build;
			};
			name = Debug;
		};
		C86203C4927A44E39EF38891 /* Debug */ = {
			isa = XCBuildConfiguration;
			buildSettings = {
				ALWAYS_SEARCH_USER_PATHS = NO;
				ARCHS = arm64;
				COMBINE_HIDPI_IMAGES = YES;
				GCC_GENERATE_DEBUGGING_SYMBOLS = YES;
				GCC_INLINES_ARE_PRIVATE_EXTERN = NO;
				GCC_OPTIMIZATION_LEVEL = 0;
				GCC_PREPROCESSOR_DEFINITIONS = ("'CMAKE_INTDIR=\"$(CONFIGURATION)$(EFFECTIVE_PLATFORM_NAME)\"'","$(inherited)");
				GCC_SYMBOLS_PRIVATE_EXTERN = NO;
				INSTALL_PATH = "";
				ONLY_ACTIVE_ARCH = NO;
				OTHER_LDFLAGS = ("","$(inherited)");
				OTHER_REZFLAGS = "";
				PRODUCT_NAME = ZERO_CHECK;
				SECTORDER_FLAGS = "";
				USE_HEADERMAP = NO;
				WARNING_CFLAGS = ("$(inherited)");
			};
			name = Debug;
		};
		CA1F24066ADB43C49CF8912C /* Release */ = {
			isa = XCBuildConfiguration;
			buildSettings = {
				ALWAYS_SEARCH_USER_PATHS = NO;
				ARCHS = arm64;
				COMBINE_HIDPI_IMAGES = YES;
				GCC_GENERATE_DEBUGGING_SYMBOLS = YES;
				GCC_INLINES_ARE_PRIVATE_EXTERN = NO;
				GCC_OPTIMIZATION_LEVEL = 0;
				GCC_PREPROCESSOR_DEFINITIONS = ("'CMAKE_INTDIR=\"$(CONFIGURATION)$(EFFECTIVE_PLATFORM_NAME)\"'","$(inherited)");
				GCC_SYMBOLS_PRIVATE_EXTERN = NO;
				INSTALL_PATH = "";
				ONLY_ACTIVE_ARCH = NO;
				OTHER_LDFLAGS = ("","$(inherited)");
				OTHER_REZFLAGS = "";
				PRODUCT_NAME = ALL_BUILD;
				SECTORDER_FLAGS = "";
				USE_HEADERMAP = NO;
				WARNING_CFLAGS = ("$(inherited)");
			};
			name = Release;
		};
		E16B0E9201FA4C36B0500C8C /* RelWithDebInfo */ = {
			isa = XCBuildConfiguration;
			buildSettings = {
				ALWAYS_SEARCH_USER_PATHS = NO;
				ARCHS = arm64;
				COMBINE_HIDPI_IMAGES = YES;
				GCC_GENERATE_DEBUGGING_SYMBOLS = YES;
				GCC_INLINES_ARE_PRIVATE_EXTERN = NO;
				GCC_OPTIMIZATION_LEVEL = 0;
				GCC_PREPROCESSOR_DEFINITIONS = ("'CMAKE_INTDIR=\"$(CONFIGURATION)$(EFFECTIVE_PLATFORM_NAME)\"'","$(inherited)");
				GCC_SYMBOLS_PRIVATE_EXTERN = NO;
				INSTALL_PATH = "";
				ONLY_ACTIVE_ARCH = NO;
				OTHER_LDFLAGS = ("","$(inherited)");
				OTHER_REZFLAGS = "";
				PRODUCT_NAME = install;
				SECTORDER_FLAGS = "";
				USE_HEADERMAP = NO;
				WARNING_CFLAGS = ("$(inherited)");
			};
			name = RelWithDebInfo;
		};
		F8C9808CA4264CF88F8B6388 /* MinSizeRel */ = {
			isa = XCBuildConfiguration;
			buildSettings = {
				ALWAYS_SEARCH_USER_PATHS = NO;
				ARCHS = arm64;
				COMBINE_HIDPI_IMAGES = YES;
				GCC_GENERATE_DEBUGGING_SYMBOLS = YES;
				GCC_INLINES_ARE_PRIVATE_EXTERN = NO;
				GCC_OPTIMIZATION_LEVEL = 0;
				GCC_PREPROCESSOR_DEFINITIONS = ("'CMAKE_INTDIR=\"$(CONFIGURATION)$(EFFECTIVE_PLATFORM_NAME)\"'","$(inherited)");
				GCC_SYMBOLS_PRIVATE_EXTERN = NO;
				INSTALL_PATH = "";
				ONLY_ACTIVE_ARCH = NO;
				OTHER_LDFLAGS = ("","$(inherited)");
				OTHER_REZFLAGS = "";
				PRODUCT_NAME = RUN_TESTS;
				SECTORDER_FLAGS = "";
				USE_HEADERMAP = NO;
				WARNING_CFLAGS = ("$(inherited)");
			};
			name = MinSizeRel;
		};
		FC6665D9C4EF4EDA817DBA9F /* RelWithDebInfo */ = {
			isa = XCBuildConfiguration;
			buildSettings = {
				ARCHS = arm64;
				SDKROOT = "";
				SWIFT_COMPILATION_MODE = wholemodule;
				SYMROOT = /Users/sanghoonyou/Desktop/DSP_WolfSound/Lesson04.DSP_Practice/Flanger_JUCE/build_xcode/build;
			};
			name = RelWithDebInfo;
		};
/* End XCBuildConfiguration section */

/* Begin XCConfigurationList section */
		2722B0593D3946FCB1ACBF08 /* Build configuration list for PBXNativeTarget "EulerFlangerTest" */ = {
			isa = XCConfigurationList;
			buildConfigurations = (
				894DF5FEE84D458597F45C26 /* Debug */,
				2EB389C0805B46419827730F /* Release */,
				01E3FCE57115418EBFB27F09 /* MinSizeRel */,
				5AC61D7FB1EE4A6F9E5B23B6 /* RelWithDebInfo */,
			);
			defaultConfigurationIsVisible = 0;
			defaultConfigurationName = Debug;
		};
		43644000408D4E08A3581541 /* Build configuration list for PBXProject "EulerFlangerTest" */ = {
			isa = XCConfigurationList;
			buildConfigurations = (
				AF774D3D2AED4D5FA51288C4 /* Debug */,
				A51355C244FF47D092852CC7 /* Release */,
				A53872A89908497B87112FAB /* MinSizeRel */,
				FC6665D9C4EF4EDA817DBA9F /* RelWithDebInfo */,
			);
			defaultConfigurationIsVisible = 0;
			defaultConfigurationName = Debug;
		};
		4F30502A4EC24A3389C7BDDC /* Build configuration list for PBXAggregateTarget "RUN_TESTS" */ = {
			isa = XCConfigurationList;
			buildConfigurations = (
				6B63E3A179984BA89517A3B0 /* Debug */,
				436041E15A794F85AA8ECEE8 /* Release */,
				F8C9808CA4264CF88F8B6388 /* MinSizeRel */,
				0FE6D80FA1BE49369521B817 /* RelWithDebInfo */,
			);
			defaultConfigurationIsVisible = 0;
			defaultConfigurationName = Debug;
		};
		552B58E12D734A6FB774F797 /* Build configuration list for PBXAggregateTarget "ZERO_CHECK" */ = {
			isa = XCConfigurationList;
			buildConfigurations = (
				C86203C4927A44E39EF38891 /* Debug */,
				615AF6D057874ECA968BFC83 /* Release */,
				6BB81C99828E4854B886144C /* MinSizeRel */,
				30DF87E5644A4A95A3C9E6FF /* RelWithDebInfo */,
			);
			defaultConfigurationIsVisible = 0;
			defaultConfigurationName = Debug;
		};
		A02AD49DF2454674B6EEB5E4 /* Build configuration list for PBXAggregateTarget "ALL_BUILD" */ = {
			isa = XCConfigurationList;
			buildConfigurations = (
				5768E0B2DF63433A9C59C0E0 /* Debug */,
				CA1F24066ADB43C49CF8912C /* Release */,
				727FFD59A9A04DFAB00D331D /* MinSizeRel */,
				AF4831AB711F4CC98A873870 /* RelWithDebInfo */,
			);
			defaultConfigurationIsVisible = 0;
			defaultConfigurationName = Debug;
		};
		C69D6C0CC0594370BA509541 /* Build configuration list for PBXAggregateTarget "install" */ = {
			isa = XCConfigurationList;
			buildConfigurations = (
				5C0945F4D2854AF58FBE9EE0 /* Debug */,
				3A799A130F024227B75D39ED /* Release */,
				9D9D76AC2CC24430BE708015 /* MinSizeRel */,
				E16B0E9201FA4C36B0500C8C /* RelWithDebInfo */,
			);
			defaultConfigurationIsVisible = 0;
			defaultConfigurationName = Debug;
		};
/* End XCConfigurationList section */
	};
	rootObject = 39049F04D496432BA32B5EE9 /* Project object */;
}
